
Microsoft Visual Studio Solution File, Format Version 10.00
# Visual Studio 2008
Project("{54435603-DBB4-11D2-8724-00A0C9A8B90C}") = "SetupWebClient", "SetupWebClient.vdproj", "{D4007EDD-F49E-451C-8173-3DC2CF1B6AAF}"
EndProject
Global
	GlobalSection(SolutionConfigurationPlatforms) = preSolution
		Debug|Default = Debug|Default
		Release|Default = Release|Default
	EndGlobalSection
	GlobalSection(ProjectConfigurationPlatforms) = postSolution
		{D4007EDD-F49E-451C-8173-3DC2CF1B6AAF}.Debug|Default.ActiveCfg = Debug
		{D4007EDD-F49E-451C-8173-3DC2CF1B6AAF}.Debug|Default.Build.0 = Debug
		{D4007EDD-F49E-451C-8173-3DC2CF1B6AAF}.Release|Default.ActiveCfg = Release
		{D4007EDD-F49E-451C-8173-3DC2CF1B6AAF}.Release|Default.Build.0 = Release
	EndGlobalSection
	GlobalSection(SolutionProperties) = preSolution
		HideSolutionNode = FALSE
	EndGlobalSection
EndGlobal
