Microsoft Visual Studio Solution File, Format Version 10.00
# Visual Studio 2008
Project("{FAE04EC0-301F-11D3-BF4B-00C04F79EFBC}") = "NetClient", "NetClient.csproj", "{44B32424-7402-498F-8E95-53A332370740}"
EndProject
Project("{FAE04EC0-301F-11D3-BF4B-00C04F79EFBC}") = "NetServer", "..\NetServer\NetServer.csproj", "{D19577A3-D477-48CA-8970-6A1FE5B5DE78}"
EndProject
Project("{FAE04EC0-301F-11D3-BF4B-00C04F79EFBC}") = "AutoLibLocal", "..\Dll\AutoLibLocal\AutoLibLocal.csproj", "{8D7144DE-EBFE-4D1C-B7B7-01C07726CC12}"
EndProject
Project("{FAE04EC0-301F-11D3-BF4B-00C04F79EFBC}") = "NetTools", "..\..\NetTools\NetTools.csproj", "{D49B5268-4C34-44C6-B688-80653EE9A189}"
EndProject
Project("{FAE04EC0-301F-11D3-BF4B-00C04F79EFBC}") = "AutoLib", "..\Dll\AutoLib\AutoLib.csproj", "{DFE68F78-7DBA-45BC-AB91-FB685733205B}"
EndProject
Project("{FAE04EC0-301F-11D3-BF4B-00C04F79EFBC}") = "DialogCommon", "..\Dll\DialogCommon\DialogCommon.csproj", "{3D64FFB2-2E36-4A7D-AB86-F1F967FFAB8F}"
EndProject
Project("{FAE04EC0-301F-11D3-BF4B-00C04F79EFBC}") = "NetCommon", "..\Dll\NetCommon\NetCommon.csproj", "{380C598D-91C5-47C8-97A7-E36D1683FB3D}"
EndProject
Global
	GlobalSection(SolutionConfigurationPlatforms) = preSolution
		Debug|Any CPU = Debug|Any CPU
		Debug|x86 = Debug|x86
		Release|Any CPU = Release|Any CPU
		Release|x86 = Release|x86
		Web Debug|Any CPU = Web Debug|Any CPU
		Web Debug|x86 = Web Debug|x86
		로컬 전체 컴파일|Any CPU = 로컬 전체 컴파일|Any CPU
		로컬 전체 컴파일|x86 = 로컬 전체 컴파일|x86
		웹서버용 전체 컴파일|Any CPU = 웹서버용 전체 컴파일|Any CPU
		웹서버용 전체 컴파일|x86 = 웹서버용 전체 컴파일|x86
		패치용|Any CPU = 패치용|Any CPU
		패치용|x86 = 패치용|x86
	EndGlobalSection
	GlobalSection(ProjectConfigurationPlatforms) = postSolution
		{44B32424-7402-498F-8E95-53A332370740}.Debug|Any CPU.ActiveCfg = Debug|Any CPU
		{44B32424-7402-498F-8E95-53A332370740}.Debug|Any CPU.Build.0 = Debug|Any CPU
		{44B32424-7402-498F-8E95-53A332370740}.Debug|x86.ActiveCfg = Debug|x86
		{44B32424-7402-498F-8E95-53A332370740}.Debug|x86.Build.0 = Debug|x86
		{44B32424-7402-498F-8E95-53A332370740}.Release|Any CPU.ActiveCfg = Release|Any CPU
		{44B32424-7402-498F-8E95-53A332370740}.Release|Any CPU.Build.0 = Release|Any CPU
		{44B32424-7402-498F-8E95-53A332370740}.Release|x86.ActiveCfg = Release|x86
		{44B32424-7402-498F-8E95-53A332370740}.Release|x86.Build.0 = Release|x86
		{44B32424-7402-498F-8E95-53A332370740}.Web Debug|Any CPU.ActiveCfg = Debug|Any CPU
		{44B32424-7402-498F-8E95-53A332370740}.Web Debug|Any CPU.Build.0 = Debug|Any CPU
		{44B32424-7402-498F-8E95-53A332370740}.Web Debug|x86.ActiveCfg = Debug|x86
		{44B32424-7402-498F-8E95-53A332370740}.Web Debug|x86.Build.0 = Debug|x86
		{44B32424-7402-498F-8E95-53A332370740}.로컬 전체 컴파일|Any CPU.ActiveCfg = Release|Any CPU
		{44B32424-7402-498F-8E95-53A332370740}.로컬 전체 컴파일|Any CPU.Build.0 = Release|Any CPU
		{44B32424-7402-498F-8E95-53A332370740}.로컬 전체 컴파일|x86.ActiveCfg = Release|x86
		{44B32424-7402-498F-8E95-53A332370740}.로컬 전체 컴파일|x86.Build.0 = Release|x86
		{44B32424-7402-498F-8E95-53A332370740}.웹서버용 전체 컴파일|Any CPU.ActiveCfg = Release|Any CPU
		{44B32424-7402-498F-8E95-53A332370740}.웹서버용 전체 컴파일|Any CPU.Build.0 = Release|Any CPU
		{44B32424-7402-498F-8E95-53A332370740}.웹서버용 전체 컴파일|x86.ActiveCfg = Release|x86
		{44B32424-7402-498F-8E95-53A332370740}.웹서버용 전체 컴파일|x86.Build.0 = Release|x86
		{44B32424-7402-498F-8E95-53A332370740}.패치용|Any CPU.ActiveCfg = Release|Any CPU
		{44B32424-7402-498F-8E95-53A332370740}.패치용|Any CPU.Build.0 = Release|Any CPU
		{44B32424-7402-498F-8E95-53A332370740}.패치용|x86.ActiveCfg = Release|x86
		{44B32424-7402-498F-8E95-53A332370740}.패치용|x86.Build.0 = Release|x86
		{D19577A3-D477-48CA-8970-6A1FE5B5DE78}.Debug|Any CPU.ActiveCfg = Debug|Any CPU
		{D19577A3-D477-48CA-8970-6A1FE5B5DE78}.Debug|Any CPU.Build.0 = Debug|Any CPU
		{D19577A3-D477-48CA-8970-6A1FE5B5DE78}.Debug|x86.ActiveCfg = Debug|x86
		{D19577A3-D477-48CA-8970-6A1FE5B5DE78}.Debug|x86.Build.0 = Debug|x86
		{D19577A3-D477-48CA-8970-6A1FE5B5DE78}.Release|Any CPU.ActiveCfg = Release|Any CPU
		{D19577A3-D477-48CA-8970-6A1FE5B5DE78}.Release|Any CPU.Build.0 = Release|Any CPU
		{D19577A3-D477-48CA-8970-6A1FE5B5DE78}.Release|x86.ActiveCfg = Release|x86
		{D19577A3-D477-48CA-8970-6A1FE5B5DE78}.Release|x86.Build.0 = Release|x86
		{D19577A3-D477-48CA-8970-6A1FE5B5DE78}.Web Debug|Any CPU.ActiveCfg = Debug|Any CPU
		{D19577A3-D477-48CA-8970-6A1FE5B5DE78}.Web Debug|Any CPU.Build.0 = Debug|Any CPU
		{D19577A3-D477-48CA-8970-6A1FE5B5DE78}.Web Debug|x86.ActiveCfg = Debug|x86
		{D19577A3-D477-48CA-8970-6A1FE5B5DE78}.Web Debug|x86.Build.0 = Debug|x86
		{D19577A3-D477-48CA-8970-6A1FE5B5DE78}.로컬 전체 컴파일|Any CPU.ActiveCfg = Release|Any CPU
		{D19577A3-D477-48CA-8970-6A1FE5B5DE78}.로컬 전체 컴파일|Any CPU.Build.0 = Release|Any CPU
		{D19577A3-D477-48CA-8970-6A1FE5B5DE78}.로컬 전체 컴파일|x86.ActiveCfg = Release|x86
		{D19577A3-D477-48CA-8970-6A1FE5B5DE78}.로컬 전체 컴파일|x86.Build.0 = Release|x86
		{D19577A3-D477-48CA-8970-6A1FE5B5DE78}.웹서버용 전체 컴파일|Any CPU.ActiveCfg = Release|Any CPU
		{D19577A3-D477-48CA-8970-6A1FE5B5DE78}.웹서버용 전체 컴파일|Any CPU.Build.0 = Release|Any CPU
		{D19577A3-D477-48CA-8970-6A1FE5B5DE78}.웹서버용 전체 컴파일|x86.ActiveCfg = Release|x86
		{D19577A3-D477-48CA-8970-6A1FE5B5DE78}.웹서버용 전체 컴파일|x86.Build.0 = Release|x86
		{D19577A3-D477-48CA-8970-6A1FE5B5DE78}.패치용|Any CPU.ActiveCfg = Release|Any CPU
		{D19577A3-D477-48CA-8970-6A1FE5B5DE78}.패치용|Any CPU.Build.0 = Release|Any CPU
		{D19577A3-D477-48CA-8970-6A1FE5B5DE78}.패치용|x86.ActiveCfg = Release|x86
		{D19577A3-D477-48CA-8970-6A1FE5B5DE78}.패치용|x86.Build.0 = Release|x86
		{8D7144DE-EBFE-4D1C-B7B7-01C07726CC12}.Debug|Any CPU.ActiveCfg = Debug|Any CPU
		{8D7144DE-EBFE-4D1C-B7B7-01C07726CC12}.Debug|Any CPU.Build.0 = Debug|Any CPU
		{8D7144DE-EBFE-4D1C-B7B7-01C07726CC12}.Debug|x86.ActiveCfg = Debug|x86
		{8D7144DE-EBFE-4D1C-B7B7-01C07726CC12}.Debug|x86.Build.0 = Debug|x86
		{8D7144DE-EBFE-4D1C-B7B7-01C07726CC12}.Release|Any CPU.ActiveCfg = Release|Any CPU
		{8D7144DE-EBFE-4D1C-B7B7-01C07726CC12}.Release|Any CPU.Build.0 = Release|Any CPU
		{8D7144DE-EBFE-4D1C-B7B7-01C07726CC12}.Release|x86.ActiveCfg = Release|x86
		{8D7144DE-EBFE-4D1C-B7B7-01C07726CC12}.Release|x86.Build.0 = Release|x86
		{8D7144DE-EBFE-4D1C-B7B7-01C07726CC12}.Web Debug|Any CPU.ActiveCfg = Debug|Any CPU
		{8D7144DE-EBFE-4D1C-B7B7-01C07726CC12}.Web Debug|Any CPU.Build.0 = Debug|Any CPU
		{8D7144DE-EBFE-4D1C-B7B7-01C07726CC12}.Web Debug|x86.ActiveCfg = Debug|x86
		{8D7144DE-EBFE-4D1C-B7B7-01C07726CC12}.Web Debug|x86.Build.0 = Debug|x86
		{8D7144DE-EBFE-4D1C-B7B7-01C07726CC12}.로컬 전체 컴파일|Any CPU.ActiveCfg = 로컬 전체 컴파일|Any CPU
		{8D7144DE-EBFE-4D1C-B7B7-01C07726CC12}.로컬 전체 컴파일|Any CPU.Build.0 = 로컬 전체 컴파일|Any CPU
		{8D7144DE-EBFE-4D1C-B7B7-01C07726CC12}.로컬 전체 컴파일|x86.ActiveCfg = 로컬 전체 컴파일|x86
		{8D7144DE-EBFE-4D1C-B7B7-01C07726CC12}.로컬 전체 컴파일|x86.Build.0 = 로컬 전체 컴파일|x86
		{8D7144DE-EBFE-4D1C-B7B7-01C07726CC12}.웹서버용 전체 컴파일|Any CPU.ActiveCfg = 로컬 전체 컴파일|Any CPU
		{8D7144DE-EBFE-4D1C-B7B7-01C07726CC12}.웹서버용 전체 컴파일|Any CPU.Build.0 = 로컬 전체 컴파일|Any CPU
		{8D7144DE-EBFE-4D1C-B7B7-01C07726CC12}.웹서버용 전체 컴파일|x86.ActiveCfg = 로컬 전체 컴파일|x86
		{8D7144DE-EBFE-4D1C-B7B7-01C07726CC12}.웹서버용 전체 컴파일|x86.Build.0 = 로컬 전체 컴파일|x86
		{8D7144DE-EBFE-4D1C-B7B7-01C07726CC12}.패치용|Any CPU.ActiveCfg = 로컬 전체 컴파일|Any CPU
		{8D7144DE-EBFE-4D1C-B7B7-01C07726CC12}.패치용|Any CPU.Build.0 = 로컬 전체 컴파일|Any CPU
		{8D7144DE-EBFE-4D1C-B7B7-01C07726CC12}.패치용|x86.ActiveCfg = 로컬 전체 컴파일|x86
		{8D7144DE-EBFE-4D1C-B7B7-01C07726CC12}.패치용|x86.Build.0 = 로컬 전체 컴파일|x86
		{D49B5268-4C34-44C6-B688-80653EE9A189}.Debug|Any CPU.ActiveCfg = Debug|Any CPU
		{D49B5268-4C34-44C6-B688-80653EE9A189}.Debug|Any CPU.Build.0 = Debug|Any CPU
		{D49B5268-4C34-44C6-B688-80653EE9A189}.Debug|x86.ActiveCfg = Debug|x86
		{D49B5268-4C34-44C6-B688-80653EE9A189}.Debug|x86.Build.0 = Debug|x86
		{D49B5268-4C34-44C6-B688-80653EE9A189}.Release|Any CPU.ActiveCfg = Release|Any CPU
		{D49B5268-4C34-44C6-B688-80653EE9A189}.Release|Any CPU.Build.0 = Release|Any CPU
		{D49B5268-4C34-44C6-B688-80653EE9A189}.Release|x86.ActiveCfg = Release|x86
		{D49B5268-4C34-44C6-B688-80653EE9A189}.Release|x86.Build.0 = Release|x86
		{D49B5268-4C34-44C6-B688-80653EE9A189}.Web Debug|Any CPU.ActiveCfg = Debug|Any CPU
		{D49B5268-4C34-44C6-B688-80653EE9A189}.Web Debug|Any CPU.Build.0 = Debug|Any CPU
		{D49B5268-4C34-44C6-B688-80653EE9A189}.Web Debug|x86.ActiveCfg = Debug|x86
		{D49B5268-4C34-44C6-B688-80653EE9A189}.Web Debug|x86.Build.0 = Debug|x86
		{D49B5268-4C34-44C6-B688-80653EE9A189}.로컬 전체 컴파일|Any CPU.ActiveCfg = 로컬 전체 컴파일|Any CPU
		{D49B5268-4C34-44C6-B688-80653EE9A189}.로컬 전체 컴파일|Any CPU.Build.0 = 로컬 전체 컴파일|Any CPU
		{D49B5268-4C34-44C6-B688-80653EE9A189}.로컬 전체 컴파일|x86.ActiveCfg = 로컬 전체 컴파일|x86
		{D49B5268-4C34-44C6-B688-80653EE9A189}.로컬 전체 컴파일|x86.Build.0 = 로컬 전체 컴파일|x86
		{D49B5268-4C34-44C6-B688-80653EE9A189}.웹서버용 전체 컴파일|Any CPU.ActiveCfg = 로컬 전체 컴파일|Any CPU
		{D49B5268-4C34-44C6-B688-80653EE9A189}.웹서버용 전체 컴파일|Any CPU.Build.0 = 로컬 전체 컴파일|Any CPU
		{D49B5268-4C34-44C6-B688-80653EE9A189}.웹서버용 전체 컴파일|x86.ActiveCfg = 로컬 전체 컴파일|x86
		{D49B5268-4C34-44C6-B688-80653EE9A189}.웹서버용 전체 컴파일|x86.Build.0 = 로컬 전체 컴파일|x86
		{D49B5268-4C34-44C6-B688-80653EE9A189}.패치용|Any CPU.ActiveCfg = 로컬 전체 컴파일|Any CPU
		{D49B5268-4C34-44C6-B688-80653EE9A189}.패치용|Any CPU.Build.0 = 로컬 전체 컴파일|Any CPU
		{D49B5268-4C34-44C6-B688-80653EE9A189}.패치용|x86.ActiveCfg = 로컬 전체 컴파일|x86
		{D49B5268-4C34-44C6-B688-80653EE9A189}.패치용|x86.Build.0 = 로컬 전체 컴파일|x86
		{DFE68F78-7DBA-45BC-AB91-FB685733205B}.Debug|Any CPU.ActiveCfg = Debug|Any CPU
		{DFE68F78-7DBA-45BC-AB91-FB685733205B}.Debug|Any CPU.Build.0 = Debug|Any CPU
		{DFE68F78-7DBA-45BC-AB91-FB685733205B}.Debug|x86.ActiveCfg = Debug|x86
		{DFE68F78-7DBA-45BC-AB91-FB685733205B}.Debug|x86.Build.0 = Debug|x86
		{DFE68F78-7DBA-45BC-AB91-FB685733205B}.Release|Any CPU.ActiveCfg = Release|Any CPU
		{DFE68F78-7DBA-45BC-AB91-FB685733205B}.Release|Any CPU.Build.0 = Release|Any CPU
		{DFE68F78-7DBA-45BC-AB91-FB685733205B}.Release|x86.ActiveCfg = Release|x86
		{DFE68F78-7DBA-45BC-AB91-FB685733205B}.Release|x86.Build.0 = Release|x86
		{DFE68F78-7DBA-45BC-AB91-FB685733205B}.Web Debug|Any CPU.ActiveCfg = Debug|Any CPU
		{DFE68F78-7DBA-45BC-AB91-FB685733205B}.Web Debug|Any CPU.Build.0 = Debug|Any CPU
		{DFE68F78-7DBA-45BC-AB91-FB685733205B}.Web Debug|x86.ActiveCfg = Debug|x86
		{DFE68F78-7DBA-45BC-AB91-FB685733205B}.Web Debug|x86.Build.0 = Debug|x86
		{DFE68F78-7DBA-45BC-AB91-FB685733205B}.로컬 전체 컴파일|Any CPU.ActiveCfg = Release|Any CPU
		{DFE68F78-7DBA-45BC-AB91-FB685733205B}.로컬 전체 컴파일|Any CPU.Build.0 = Release|Any CPU
		{DFE68F78-7DBA-45BC-AB91-FB685733205B}.로컬 전체 컴파일|x86.ActiveCfg = Release|x86
		{DFE68F78-7DBA-45BC-AB91-FB685733205B}.로컬 전체 컴파일|x86.Build.0 = Release|x86
		{DFE68F78-7DBA-45BC-AB91-FB685733205B}.웹서버용 전체 컴파일|Any CPU.ActiveCfg = Release|Any CPU
		{DFE68F78-7DBA-45BC-AB91-FB685733205B}.웹서버용 전체 컴파일|Any CPU.Build.0 = Release|Any CPU
		{DFE68F78-7DBA-45BC-AB91-FB685733205B}.웹서버용 전체 컴파일|x86.ActiveCfg = Release|x86
		{DFE68F78-7DBA-45BC-AB91-FB685733205B}.웹서버용 전체 컴파일|x86.Build.0 = Release|x86
		{DFE68F78-7DBA-45BC-AB91-FB685733205B}.패치용|Any CPU.ActiveCfg = Release|Any CPU
		{DFE68F78-7DBA-45BC-AB91-FB685733205B}.패치용|Any CPU.Build.0 = Release|Any CPU
		{DFE68F78-7DBA-45BC-AB91-FB685733205B}.패치용|x86.ActiveCfg = Release|x86
		{DFE68F78-7DBA-45BC-AB91-FB685733205B}.패치용|x86.Build.0 = Release|x86
		{3D64FFB2-2E36-4A7D-AB86-F1F967FFAB8F}.Debug|Any CPU.ActiveCfg = Debug|Any CPU
		{3D64FFB2-2E36-4A7D-AB86-F1F967FFAB8F}.Debug|Any CPU.Build.0 = Debug|Any CPU
		{3D64FFB2-2E36-4A7D-AB86-F1F967FFAB8F}.Debug|x86.ActiveCfg = Debug|x86
		{3D64FFB2-2E36-4A7D-AB86-F1F967FFAB8F}.Debug|x86.Build.0 = Debug|x86
		{3D64FFB2-2E36-4A7D-AB86-F1F967FFAB8F}.Release|Any CPU.ActiveCfg = Release|Any CPU
		{3D64FFB2-2E36-4A7D-AB86-F1F967FFAB8F}.Release|Any CPU.Build.0 = Release|Any CPU
		{3D64FFB2-2E36-4A7D-AB86-F1F967FFAB8F}.Release|x86.ActiveCfg = Release|x86
		{3D64FFB2-2E36-4A7D-AB86-F1F967FFAB8F}.Release|x86.Build.0 = Release|x86
		{3D64FFB2-2E36-4A7D-AB86-F1F967FFAB8F}.Web Debug|Any CPU.ActiveCfg = Debug|Any CPU
		{3D64FFB2-2E36-4A7D-AB86-F1F967FFAB8F}.Web Debug|Any CPU.Build.0 = Debug|Any CPU
		{3D64FFB2-2E36-4A7D-AB86-F1F967FFAB8F}.Web Debug|x86.ActiveCfg = Debug|x86
		{3D64FFB2-2E36-4A7D-AB86-F1F967FFAB8F}.Web Debug|x86.Build.0 = Debug|x86
		{3D64FFB2-2E36-4A7D-AB86-F1F967FFAB8F}.로컬 전체 컴파일|Any CPU.ActiveCfg = Release|Any CPU
		{3D64FFB2-2E36-4A7D-AB86-F1F967FFAB8F}.로컬 전체 컴파일|Any CPU.Build.0 = Release|Any CPU
		{3D64FFB2-2E36-4A7D-AB86-F1F967FFAB8F}.로컬 전체 컴파일|x86.ActiveCfg = Release|x86
		{3D64FFB2-2E36-4A7D-AB86-F1F967FFAB8F}.로컬 전체 컴파일|x86.Build.0 = Release|x86
		{3D64FFB2-2E36-4A7D-AB86-F1F967FFAB8F}.웹서버용 전체 컴파일|Any CPU.ActiveCfg = Release|Any CPU
		{3D64FFB2-2E36-4A7D-AB86-F1F967FFAB8F}.웹서버용 전체 컴파일|Any CPU.Build.0 = Release|Any CPU
		{3D64FFB2-2E36-4A7D-AB86-F1F967FFAB8F}.웹서버용 전체 컴파일|x86.ActiveCfg = Release|x86
		{3D64FFB2-2E36-4A7D-AB86-F1F967FFAB8F}.웹서버용 전체 컴파일|x86.Build.0 = Release|x86
		{3D64FFB2-2E36-4A7D-AB86-F1F967FFAB8F}.패치용|Any CPU.ActiveCfg = Release|Any CPU
		{3D64FFB2-2E36-4A7D-AB86-F1F967FFAB8F}.패치용|Any CPU.Build.0 = Release|Any CPU
		{3D64FFB2-2E36-4A7D-AB86-F1F967FFAB8F}.패치용|x86.ActiveCfg = Release|x86
		{3D64FFB2-2E36-4A7D-AB86-F1F967FFAB8F}.패치용|x86.Build.0 = Release|x86
		{380C598D-91C5-47C8-97A7-E36D1683FB3D}.Debug|Any CPU.ActiveCfg = Debug|Any CPU
		{380C598D-91C5-47C8-97A7-E36D1683FB3D}.Debug|Any CPU.Build.0 = Debug|Any CPU
		{380C598D-91C5-47C8-97A7-E36D1683FB3D}.Debug|x86.ActiveCfg = Debug|x86
		{380C598D-91C5-47C8-97A7-E36D1683FB3D}.Debug|x86.Build.0 = Debug|x86
		{380C598D-91C5-47C8-97A7-E36D1683FB3D}.Release|Any CPU.ActiveCfg = Release|Any CPU
		{380C598D-91C5-47C8-97A7-E36D1683FB3D}.Release|Any CPU.Build.0 = Release|Any CPU
		{380C598D-91C5-47C8-97A7-E36D1683FB3D}.Release|x86.ActiveCfg = Release|x86
		{380C598D-91C5-47C8-97A7-E36D1683FB3D}.Release|x86.Build.0 = Release|x86
		{380C598D-91C5-47C8-97A7-E36D1683FB3D}.Web Debug|Any CPU.ActiveCfg = Debug|Any CPU
		{380C598D-91C5-47C8-97A7-E36D1683FB3D}.Web Debug|Any CPU.Build.0 = Debug|Any CPU
		{380C598D-91C5-47C8-97A7-E36D1683FB3D}.Web Debug|x86.ActiveCfg = Debug|x86
		{380C598D-91C5-47C8-97A7-E36D1683FB3D}.Web Debug|x86.Build.0 = Debug|x86
		{380C598D-91C5-47C8-97A7-E36D1683FB3D}.로컬 전체 컴파일|Any CPU.ActiveCfg = Release|Any CPU
		{380C598D-91C5-47C8-97A7-E36D1683FB3D}.로컬 전체 컴파일|Any CPU.Build.0 = Release|Any CPU
		{380C598D-91C5-47C8-97A7-E36D1683FB3D}.로컬 전체 컴파일|x86.ActiveCfg = Release|x86
		{380C598D-91C5-47C8-97A7-E36D1683FB3D}.로컬 전체 컴파일|x86.Build.0 = Release|x86
		{380C598D-91C5-47C8-97A7-E36D1683FB3D}.웹서버용 전체 컴파일|Any CPU.ActiveCfg = Release|Any CPU
		{380C598D-91C5-47C8-97A7-E36D1683FB3D}.웹서버용 전체 컴파일|Any CPU.Build.0 = Release|Any CPU
		{380C598D-91C5-47C8-97A7-E36D1683FB3D}.웹서버용 전체 컴파일|x86.ActiveCfg = Release|x86
		{380C598D-91C5-47C8-97A7-E36D1683FB3D}.웹서버용 전체 컴파일|x86.Build.0 = Release|x86
		{380C598D-91C5-47C8-97A7-E36D1683FB3D}.패치용|Any CPU.ActiveCfg = Release|Any CPU
		{380C598D-91C5-47C8-97A7-E36D1683FB3D}.패치용|Any CPU.Build.0 = Release|Any CPU
		{380C598D-91C5-47C8-97A7-E36D1683FB3D}.패치용|x86.ActiveCfg = Release|x86
		{380C598D-91C5-47C8-97A7-E36D1683FB3D}.패치용|x86.Build.0 = Release|x86
	EndGlobalSection
	GlobalSection(SolutionProperties) = preSolution
		HideSolutionNode = FALSE
	EndGlobalSection
EndGlobal
