Microsoft Visual Studio Solution File, Format Version 10.00
# Visual Studio 2008
Project("{FAE04EC0-301F-11D3-BF4B-00C04F79EFBC}") = "ProjectManager", "ProjectManager.csproj", "{6301D72F-39E1-4EBF-9CA0-5B898AF4D655}"
EndProject
Project("{FAE04EC0-301F-11D3-BF4B-00C04F79EFBC}") = "AutoLibLocal", "..\Dll\AutoLibLocal\AutoLibLocal.csproj", "{8D7144DE-EBFE-4D1C-B7B7-01C07726CC12}"
EndProject
Project("{FAE04EC0-301F-11D3-BF4B-00C04F79EFBC}") = "NetTools", "..\..\NetTools\NetTools.csproj", "{D49B5268-4C34-44C6-B688-80653EE9A189}"
EndProject
Project("{FAE04EC0-301F-11D3-BF4B-00C04F79EFBC}") = "ExceptionReport", "..\Dll\ExceptionReport\ExceptionReport.csproj", "{AEA6187C-26AF-4025-9C02-29A010F81CFE}"
EndProject
Project("{FAE04EC0-301F-11D3-BF4B-00C04F79EFBC}") = "CompressLib", "..\..\NetTools\CompressLib\CompressLib.csproj", "{62082BA2-BFE1-4830-B552-BB76C2AD1D00}"
EndProject
Project("{FAE04EC0-301F-11D3-BF4B-00C04F79EFBC}") = "ProjectLib", "..\Dll\ProjectLib\ProjectLib.csproj", "{34D43603-8E62-40EE-B9B7-7ACF2C79D15B}"
EndProject
Project("{FAE04EC0-301F-11D3-BF4B-00C04F79EFBC}") = "PicTools", "..\..\NetTools\PicTools\PicTools.csproj", "{2BA16408-BC41-4D6A-9ACA-595257520DA8}"
EndProject
Project("{FAE04EC0-301F-11D3-BF4B-00C04F79EFBC}") = "DialogCommon", "..\Dll\DialogCommon\DialogCommon.csproj", "{3D64FFB2-2E36-4A7D-AB86-F1F967FFAB8F}"
EndProject
Global
	GlobalSection(SolutionConfigurationPlatforms) = preSolution
		Debug|Any CPU = Debug|Any CPU
		Debug|x86 = Debug|x86
		Release|Any CPU = Release|Any CPU
		Release|x86 = Release|x86
		로컬 전체 컴파일|Any CPU = 로컬 전체 컴파일|Any CPU
		로컬 전체 컴파일|x86 = 로컬 전체 컴파일|x86
	EndGlobalSection
	GlobalSection(ProjectConfigurationPlatforms) = postSolution
		{6301D72F-39E1-4EBF-9CA0-5B898AF4D655}.Debug|Any CPU.ActiveCfg = Debug|Any CPU
		{6301D72F-39E1-4EBF-9CA0-5B898AF4D655}.Debug|Any CPU.Build.0 = Debug|Any CPU
		{6301D72F-39E1-4EBF-9CA0-5B898AF4D655}.Debug|x86.ActiveCfg = Debug|x86
		{6301D72F-39E1-4EBF-9CA0-5B898AF4D655}.Debug|x86.Build.0 = Debug|x86
		{6301D72F-39E1-4EBF-9CA0-5B898AF4D655}.Release|Any CPU.ActiveCfg = Release|Any CPU
		{6301D72F-39E1-4EBF-9CA0-5B898AF4D655}.Release|Any CPU.Build.0 = Release|Any CPU
		{6301D72F-39E1-4EBF-9CA0-5B898AF4D655}.Release|x86.ActiveCfg = Release|x86
		{6301D72F-39E1-4EBF-9CA0-5B898AF4D655}.Release|x86.Build.0 = Release|x86
		{6301D72F-39E1-4EBF-9CA0-5B898AF4D655}.로컬 전체 컴파일|Any CPU.ActiveCfg = 로컬 전체 컴파일|Any CPU
		{6301D72F-39E1-4EBF-9CA0-5B898AF4D655}.로컬 전체 컴파일|Any CPU.Build.0 = 로컬 전체 컴파일|Any CPU
		{6301D72F-39E1-4EBF-9CA0-5B898AF4D655}.로컬 전체 컴파일|x86.ActiveCfg = 로컬 전체 컴파일|x86
		{6301D72F-39E1-4EBF-9CA0-5B898AF4D655}.로컬 전체 컴파일|x86.Build.0 = 로컬 전체 컴파일|x86
		{8D7144DE-EBFE-4D1C-B7B7-01C07726CC12}.Debug|Any CPU.ActiveCfg = Debug|Any CPU
		{8D7144DE-EBFE-4D1C-B7B7-01C07726CC12}.Debug|Any CPU.Build.0 = Debug|Any CPU
		{8D7144DE-EBFE-4D1C-B7B7-01C07726CC12}.Debug|x86.ActiveCfg = Debug|x86
		{8D7144DE-EBFE-4D1C-B7B7-01C07726CC12}.Debug|x86.Build.0 = Debug|x86
		{8D7144DE-EBFE-4D1C-B7B7-01C07726CC12}.Release|Any CPU.ActiveCfg = Release|Any CPU
		{8D7144DE-EBFE-4D1C-B7B7-01C07726CC12}.Release|Any CPU.Build.0 = Release|Any CPU
		{8D7144DE-EBFE-4D1C-B7B7-01C07726CC12}.Release|x86.ActiveCfg = Release|x86
		{8D7144DE-EBFE-4D1C-B7B7-01C07726CC12}.Release|x86.Build.0 = Release|x86
		{8D7144DE-EBFE-4D1C-B7B7-01C07726CC12}.로컬 전체 컴파일|Any CPU.ActiveCfg = 로컬 전체 컴파일|Any CPU
		{8D7144DE-EBFE-4D1C-B7B7-01C07726CC12}.로컬 전체 컴파일|Any CPU.Build.0 = 로컬 전체 컴파일|Any CPU
		{8D7144DE-EBFE-4D1C-B7B7-01C07726CC12}.로컬 전체 컴파일|x86.ActiveCfg = 로컬 전체 컴파일|x86
		{8D7144DE-EBFE-4D1C-B7B7-01C07726CC12}.로컬 전체 컴파일|x86.Build.0 = 로컬 전체 컴파일|x86
		{D49B5268-4C34-44C6-B688-80653EE9A189}.Debug|Any CPU.ActiveCfg = Debug|Any CPU
		{D49B5268-4C34-44C6-B688-80653EE9A189}.Debug|Any CPU.Build.0 = Debug|Any CPU
		{D49B5268-4C34-44C6-B688-80653EE9A189}.Debug|x86.ActiveCfg = Debug|x86
		{D49B5268-4C34-44C6-B688-80653EE9A189}.Debug|x86.Build.0 = Debug|x86
		{D49B5268-4C34-44C6-B688-80653EE9A189}.Release|Any CPU.ActiveCfg = Release|Any CPU
		{D49B5268-4C34-44C6-B688-80653EE9A189}.Release|Any CPU.Build.0 = Release|Any CPU
		{D49B5268-4C34-44C6-B688-80653EE9A189}.Release|x86.ActiveCfg = Release|x86
		{D49B5268-4C34-44C6-B688-80653EE9A189}.Release|x86.Build.0 = Release|x86
		{D49B5268-4C34-44C6-B688-80653EE9A189}.로컬 전체 컴파일|Any CPU.ActiveCfg = 로컬 전체 컴파일|Any CPU
		{D49B5268-4C34-44C6-B688-80653EE9A189}.로컬 전체 컴파일|Any CPU.Build.0 = 로컬 전체 컴파일|Any CPU
		{D49B5268-4C34-44C6-B688-80653EE9A189}.로컬 전체 컴파일|x86.ActiveCfg = 로컬 전체 컴파일|x86
		{D49B5268-4C34-44C6-B688-80653EE9A189}.로컬 전체 컴파일|x86.Build.0 = 로컬 전체 컴파일|x86
		{AEA6187C-26AF-4025-9C02-29A010F81CFE}.Debug|Any CPU.ActiveCfg = Debug|Any CPU
		{AEA6187C-26AF-4025-9C02-29A010F81CFE}.Debug|Any CPU.Build.0 = Debug|Any CPU
		{AEA6187C-26AF-4025-9C02-29A010F81CFE}.Debug|x86.ActiveCfg = Debug|x86
		{AEA6187C-26AF-4025-9C02-29A010F81CFE}.Debug|x86.Build.0 = Debug|x86
		{AEA6187C-26AF-4025-9C02-29A010F81CFE}.Release|Any CPU.ActiveCfg = Release|Any CPU
		{AEA6187C-26AF-4025-9C02-29A010F81CFE}.Release|Any CPU.Build.0 = Release|Any CPU
		{AEA6187C-26AF-4025-9C02-29A010F81CFE}.Release|x86.ActiveCfg = Release|x86
		{AEA6187C-26AF-4025-9C02-29A010F81CFE}.Release|x86.Build.0 = Release|x86
		{AEA6187C-26AF-4025-9C02-29A010F81CFE}.로컬 전체 컴파일|Any CPU.ActiveCfg = 로컬 전체 컴파일|Any CPU
		{AEA6187C-26AF-4025-9C02-29A010F81CFE}.로컬 전체 컴파일|Any CPU.Build.0 = 로컬 전체 컴파일|Any CPU
		{AEA6187C-26AF-4025-9C02-29A010F81CFE}.로컬 전체 컴파일|x86.ActiveCfg = 로컬 전체 컴파일|x86
		{AEA6187C-26AF-4025-9C02-29A010F81CFE}.로컬 전체 컴파일|x86.Build.0 = 로컬 전체 컴파일|x86
		{62082BA2-BFE1-4830-B552-BB76C2AD1D00}.Debug|Any CPU.ActiveCfg = Debug|Any CPU
		{62082BA2-BFE1-4830-B552-BB76C2AD1D00}.Debug|Any CPU.Build.0 = Debug|Any CPU
		{62082BA2-BFE1-4830-B552-BB76C2AD1D00}.Debug|x86.ActiveCfg = Debug|x86
		{62082BA2-BFE1-4830-B552-BB76C2AD1D00}.Debug|x86.Build.0 = Debug|x86
		{62082BA2-BFE1-4830-B552-BB76C2AD1D00}.Release|Any CPU.ActiveCfg = Release|Any CPU
		{62082BA2-BFE1-4830-B552-BB76C2AD1D00}.Release|Any CPU.Build.0 = Release|Any CPU
		{62082BA2-BFE1-4830-B552-BB76C2AD1D00}.Release|x86.ActiveCfg = Release|x86
		{62082BA2-BFE1-4830-B552-BB76C2AD1D00}.Release|x86.Build.0 = Release|x86
		{62082BA2-BFE1-4830-B552-BB76C2AD1D00}.로컬 전체 컴파일|Any CPU.ActiveCfg = Release|Any CPU
		{62082BA2-BFE1-4830-B552-BB76C2AD1D00}.로컬 전체 컴파일|Any CPU.Build.0 = Release|Any CPU
		{62082BA2-BFE1-4830-B552-BB76C2AD1D00}.로컬 전체 컴파일|x86.ActiveCfg = Debug|Any CPU
		{34D43603-8E62-40EE-B9B7-7ACF2C79D15B}.Debug|Any CPU.ActiveCfg = Debug|Any CPU
		{34D43603-8E62-40EE-B9B7-7ACF2C79D15B}.Debug|Any CPU.Build.0 = Debug|Any CPU
		{34D43603-8E62-40EE-B9B7-7ACF2C79D15B}.Debug|x86.ActiveCfg = Debug|Any CPU
		{34D43603-8E62-40EE-B9B7-7ACF2C79D15B}.Release|Any CPU.ActiveCfg = Release|Any CPU
		{34D43603-8E62-40EE-B9B7-7ACF2C79D15B}.Release|Any CPU.Build.0 = Release|Any CPU
		{34D43603-8E62-40EE-B9B7-7ACF2C79D15B}.Release|x86.ActiveCfg = Release|Any CPU
		{34D43603-8E62-40EE-B9B7-7ACF2C79D15B}.로컬 전체 컴파일|Any CPU.ActiveCfg = Release|Any CPU
		{34D43603-8E62-40EE-B9B7-7ACF2C79D15B}.로컬 전체 컴파일|Any CPU.Build.0 = Release|Any CPU
		{34D43603-8E62-40EE-B9B7-7ACF2C79D15B}.로컬 전체 컴파일|x86.ActiveCfg = Release|Any CPU
		{2BA16408-BC41-4D6A-9ACA-595257520DA8}.Debug|Any CPU.ActiveCfg = Debug|Any CPU
		{2BA16408-BC41-4D6A-9ACA-595257520DA8}.Debug|Any CPU.Build.0 = Debug|Any CPU
		{2BA16408-BC41-4D6A-9ACA-595257520DA8}.Debug|x86.ActiveCfg = Debug|x86
		{2BA16408-BC41-4D6A-9ACA-595257520DA8}.Debug|x86.Build.0 = Debug|x86
		{2BA16408-BC41-4D6A-9ACA-595257520DA8}.Release|Any CPU.ActiveCfg = Release|Any CPU
		{2BA16408-BC41-4D6A-9ACA-595257520DA8}.Release|Any CPU.Build.0 = Release|Any CPU
		{2BA16408-BC41-4D6A-9ACA-595257520DA8}.Release|x86.ActiveCfg = Release|x86
		{2BA16408-BC41-4D6A-9ACA-595257520DA8}.Release|x86.Build.0 = Release|x86
		{2BA16408-BC41-4D6A-9ACA-595257520DA8}.로컬 전체 컴파일|Any CPU.ActiveCfg = Debug|Any CPU
		{2BA16408-BC41-4D6A-9ACA-595257520DA8}.로컬 전체 컴파일|Any CPU.Build.0 = Debug|Any CPU
		{2BA16408-BC41-4D6A-9ACA-595257520DA8}.로컬 전체 컴파일|x86.ActiveCfg = Debug|Any CPU
		{3D64FFB2-2E36-4A7D-AB86-F1F967FFAB8F}.Debug|Any CPU.ActiveCfg = Debug|Any CPU
		{3D64FFB2-2E36-4A7D-AB86-F1F967FFAB8F}.Debug|Any CPU.Build.0 = Debug|Any CPU
		{3D64FFB2-2E36-4A7D-AB86-F1F967FFAB8F}.Debug|x86.ActiveCfg = Debug|x86
		{3D64FFB2-2E36-4A7D-AB86-F1F967FFAB8F}.Debug|x86.Build.0 = Debug|x86
		{3D64FFB2-2E36-4A7D-AB86-F1F967FFAB8F}.Release|Any CPU.ActiveCfg = Release|Any CPU
		{3D64FFB2-2E36-4A7D-AB86-F1F967FFAB8F}.Release|Any CPU.Build.0 = Release|Any CPU
		{3D64FFB2-2E36-4A7D-AB86-F1F967FFAB8F}.Release|x86.ActiveCfg = Release|x86
		{3D64FFB2-2E36-4A7D-AB86-F1F967FFAB8F}.Release|x86.Build.0 = Release|x86
		{3D64FFB2-2E36-4A7D-AB86-F1F967FFAB8F}.로컬 전체 컴파일|Any CPU.ActiveCfg = Debug|Any CPU
		{3D64FFB2-2E36-4A7D-AB86-F1F967FFAB8F}.로컬 전체 컴파일|Any CPU.Build.0 = Debug|Any CPU
		{3D64FFB2-2E36-4A7D-AB86-F1F967FFAB8F}.로컬 전체 컴파일|x86.ActiveCfg = Debug|Any CPU
	EndGlobalSection
	GlobalSection(SolutionProperties) = preSolution
		HideSolutionNode = FALSE
	EndGlobalSection
EndGlobal
