Microsoft Visual Studio Solution File, Format Version 10.00
# Visual Studio 2008
Project("{FAE04EC0-301F-11D3-BF4B-00C04F79EFBC}") = "DialogTag", "..\Dll\DialogTag\DialogTag.csproj", "{12D7893A-DA46-4CCD-B919-29CE90C5B9CB}"
EndProject
Project("{FAE04EC0-301F-11D3-BF4B-00C04F79EFBC}") = "NetTools", "..\..\NetTools\NetTools.csproj", "{D49B5268-4C34-44C6-B688-80653EE9A189}"
EndProject
Project("{FAE04EC0-301F-11D3-BF4B-00C04F79EFBC}") = "ExceptionReport", "..\Dll\ExceptionReport\ExceptionReport.csproj", "{AEA6187C-26AF-4025-9C02-29A010F81CFE}"
EndProject
Project("{FAE04EC0-301F-11D3-BF4B-00C04F79EFBC}") = "AutoLib", "..\Dll\AutoLib\AutoLib.csproj", "{DFE68F78-7DBA-45BC-AB91-FB685733205B}"
EndProject
Project("{FAE04EC0-301F-11D3-BF4B-00C04F79EFBC}") = "AutoLibLocal", "..\Dll\AutoLibLocal\AutoLibLocal.csproj", "{8D7144DE-EBFE-4D1C-B7B7-01C07726CC12}"
EndProject
Project("{FAE04EC0-301F-11D3-BF4B-00C04F79EFBC}") = "GraphicModule", "..\ViewMain\GraphicModule\GraphicModule.csproj", "{03415E5F-99CA-4F21-B732-80372B2AA265}"
EndProject
Project("{FAE04EC0-301F-11D3-BF4B-00C04F79EFBC}") = "DialogControl", "..\ViewMain\DialogControl\DialogControl.csproj", "{EBA72834-6DBB-416C-8A89-76597EFC0DD2}"
EndProject
Project("{FAE04EC0-301F-11D3-BF4B-00C04F79EFBC}") = "BasicScreen", "..\ViewMain\BasicScreen\BasicScreen.csproj", "{E50BFB46-52E6-4467-A4F8-C1B8FBB14CAA}"
EndProject
Project("{FAE04EC0-301F-11D3-BF4B-00C04F79EFBC}") = "ReportBasicLib", "..\Dll\ReportBasicLib\ReportBasicLib.csproj", "{46B4BACB-0EFA-49FE-8F3A-0B3279E18DB8}"
EndProject
Project("{FAE04EC0-301F-11D3-BF4B-00C04F79EFBC}") = "ReportModule", "..\Dll\ReportModule\ReportModule.csproj", "{BFC7F4F7-35CD-4FE9-8F34-ACA05EEABB12}"
EndProject
Project("{FAE04EC0-301F-11D3-BF4B-00C04F79EFBC}") = "PicTools", "..\..\NetTools\PicTools\PicTools.csproj", "{2BA16408-BC41-4D6A-9ACA-595257520DA8}"
EndProject
Project("{FAE04EC0-301F-11D3-BF4B-00C04F79EFBC}") = "DialogConfigUser", "..\Dll\DialogConfigUser\DialogConfigUser.csproj", "{3A88C58A-B16D-4E56-A98C-0D0B643B7D90}"
EndProject
Project("{FAE04EC0-301F-11D3-BF4B-00C04F79EFBC}") = "DialogClipBoardPrint", "..\Dll\DialogClipBoardPrint\DialogClipBoardPrint.csproj", "{56B44118-0DCF-4EFA-B60C-496AD58C65A7}"
EndProject
Project("{FAE04EC0-301F-11D3-BF4B-00C04F79EFBC}") = "DialogClipBoardSave", "..\Dll\DialogClipBoardSave\DialogClipBoardSave.csproj", "{8CF67796-8F02-4B07-BCD0-CB81425B5DDA}"
EndProject
Project("{FAE04EC0-301F-11D3-BF4B-00C04F79EFBC}") = "ViewMainPublic", "..\Dll\ViewMainPublic\ViewMainPublic.csproj", "{3531D1AC-9CDB-4BD3-9EB0-97EA9300751F}"
EndProject
Project("{FAE04EC0-301F-11D3-BF4B-00C04F79EFBC}") = "DialogHoliday", "..\Dll\DialogHoliday\DialogHoliday.csproj", "{6E0B046D-EC82-46DC-95FC-2F46FDC17F15}"
EndProject
Project("{FAE04EC0-301F-11D3-BF4B-00C04F79EFBC}") = "DialogCommon", "..\Dll\DialogCommon\DialogCommon.csproj", "{3D64FFB2-2E36-4A7D-AB86-F1F967FFAB8F}"
EndProject
Project("{FAE04EC0-301F-11D3-BF4B-00C04F79EFBC}") = "PublicStudioLocalMain", "..\Dll\PublicStudioLocalMain\PublicStudioLocalMain.csproj", "{6B5954E6-5089-4209-8992-0187A564FAE9}"
EndProject
Project("{FAE04EC0-301F-11D3-BF4B-00C04F79EFBC}") = "CompressLib", "..\..\NetTools\CompressLib\CompressLib.csproj", "{62082BA2-BFE1-4830-B552-BB76C2AD1D00}"
EndProject
Project("{FAE04EC0-301F-11D3-BF4B-00C04F79EFBC}") = "MdbLib", "..\..\NetTools\MdbLib\MdbLib.csproj", "{7701005B-A550-4AF1-915A-99F1FE674C01}"
EndProject
Project("{FAE04EC0-301F-11D3-BF4B-00C04F79EFBC}") = "LocalMain", "LocalMain.csproj", "{F72DF021-6FDB-416C-99EF-59DBC15D378B}"
EndProject
Project("{FAE04EC0-301F-11D3-BF4B-00C04F79EFBC}") = "DatabaseSaveList", "..\Dll\DatabaseSaveList\DatabaseSaveList.csproj", "{399B1025-DA67-49E4-8C5C-89F42E98A041}"
EndProject
Project("{FAE04EC0-301F-11D3-BF4B-00C04F79EFBC}") = "DatabaseConnection", "..\Dll\DatabaseConnection\DatabaseConnection.csproj", "{BB25326A-678A-4196-A782-F5A524D6430B}"
EndProject
Project("{FAE04EC0-301F-11D3-BF4B-00C04F79EFBC}") = "DialogAddition", "..\Dll\DialogAddition\DialogAddition.csproj", "{E8C172BB-E843-4289-9A85-88C93E2CCA88}"
EndProject
Project("{FAE04EC0-301F-11D3-BF4B-00C04F79EFBC}") = "ExcelReportPublic", "..\Dll\ExcelReportPublic\ExcelReportPublic.csproj", "{A8033B52-7741-4CD9-ACF5-1CD6B2AD1C27}"
EndProject
Project("{FAE04EC0-301F-11D3-BF4B-00C04F79EFBC}") = "PrimeDialogPublic", "..\WpfDll\PrimeDialogPublic\PrimeDialogPublic.csproj", "{F71A946A-254F-4DFB-843D-ADB75994CE37}"
EndProject
Project("{FAE04EC0-301F-11D3-BF4B-00C04F79EFBC}") = "HelpLib", "..\Dll\HelpLib\HelpLib.csproj", "{79D61CF6-1621-4B91-8024-32B6CD87337C}"
EndProject
Project("{FAE04EC0-301F-11D3-BF4B-00C04F79EFBC}") = "ScriptLibRun", "..\..\ScriptLib\ScriptLibRun\ScriptLibRun.csproj", "{81868C94-AF9B-40A7-BAA8-038CB48600DC}"
EndProject
Project("{FAE04EC0-301F-11D3-BF4B-00C04F79EFBC}") = "ScriptLibEdit", "..\..\ScriptLib\ScriptLibEdit\ScriptLibEdit.csproj", "{566DD456-58EA-47D9-91FB-43C7D7EF80BA}"
EndProject
Project("{FAE04EC0-301F-11D3-BF4B-00C04F79EFBC}") = "Atp.Comm", "..\..\ATP_UTIL\Atp\Atp.Comm\Atp.Comm.csproj", "{85D8ECB9-6308-4A33-9938-910776402BDD}"
EndProject
Global
	GlobalSection(SolutionConfigurationPlatforms) = preSolution
		Debug Remote|Any CPU = Debug Remote|Any CPU
		Debug Remote|x86 = Debug Remote|x86
		Debug|Any CPU = Debug|Any CPU
		Debug|x86 = Debug|x86
		Release|Any CPU = Release|Any CPU
		Release|x86 = Release|x86
		Web Debug|Any CPU = Web Debug|Any CPU
		Web Debug|x86 = Web Debug|x86
		데모1사이트에 복사|Any CPU = 데모1사이트에 복사|Any CPU
		데모1사이트에 복사|x86 = 데모1사이트에 복사|x86
		로컬 전체 컴파일|Any CPU = 로컬 전체 컴파일|Any CPU
		로컬 전체 컴파일|x86 = 로컬 전체 컴파일|x86
		웹서버용 전체 컴파일|Any CPU = 웹서버용 전체 컴파일|Any CPU
		웹서버용 전체 컴파일|x86 = 웹서버용 전체 컴파일|x86
		패치용|Any CPU = 패치용|Any CPU
		패치용|x86 = 패치용|x86
	EndGlobalSection
	GlobalSection(ProjectConfigurationPlatforms) = postSolution
		{12D7893A-DA46-4CCD-B919-29CE90C5B9CB}.Debug Remote|Any CPU.ActiveCfg = Debug|Any CPU
		{12D7893A-DA46-4CCD-B919-29CE90C5B9CB}.Debug Remote|Any CPU.Build.0 = Debug|Any CPU
		{12D7893A-DA46-4CCD-B919-29CE90C5B9CB}.Debug Remote|x86.ActiveCfg = Debug|Any CPU
		{12D7893A-DA46-4CCD-B919-29CE90C5B9CB}.Debug|Any CPU.ActiveCfg = Debug|Any CPU
		{12D7893A-DA46-4CCD-B919-29CE90C5B9CB}.Debug|Any CPU.Build.0 = Debug|Any CPU
		{12D7893A-DA46-4CCD-B919-29CE90C5B9CB}.Debug|x86.ActiveCfg = Debug|x86
		{12D7893A-DA46-4CCD-B919-29CE90C5B9CB}.Debug|x86.Build.0 = Debug|x86
		{12D7893A-DA46-4CCD-B919-29CE90C5B9CB}.Release|Any CPU.ActiveCfg = Release|Any CPU
		{12D7893A-DA46-4CCD-B919-29CE90C5B9CB}.Release|Any CPU.Build.0 = Release|Any CPU
		{12D7893A-DA46-4CCD-B919-29CE90C5B9CB}.Release|x86.ActiveCfg = Release|x86
		{12D7893A-DA46-4CCD-B919-29CE90C5B9CB}.Release|x86.Build.0 = Release|x86
		{12D7893A-DA46-4CCD-B919-29CE90C5B9CB}.Web Debug|Any CPU.ActiveCfg = Debug|Any CPU
		{12D7893A-DA46-4CCD-B919-29CE90C5B9CB}.Web Debug|Any CPU.Build.0 = Debug|Any CPU
		{12D7893A-DA46-4CCD-B919-29CE90C5B9CB}.Web Debug|x86.ActiveCfg = Debug|x86
		{12D7893A-DA46-4CCD-B919-29CE90C5B9CB}.Web Debug|x86.Build.0 = Debug|x86
		{12D7893A-DA46-4CCD-B919-29CE90C5B9CB}.데모1사이트에 복사|Any CPU.ActiveCfg = Release|Any CPU
		{12D7893A-DA46-4CCD-B919-29CE90C5B9CB}.데모1사이트에 복사|Any CPU.Build.0 = Release|Any CPU
		{12D7893A-DA46-4CCD-B919-29CE90C5B9CB}.데모1사이트에 복사|x86.ActiveCfg = Debug|Any CPU
		{12D7893A-DA46-4CCD-B919-29CE90C5B9CB}.로컬 전체 컴파일|Any CPU.ActiveCfg = Release|Any CPU
		{12D7893A-DA46-4CCD-B919-29CE90C5B9CB}.로컬 전체 컴파일|Any CPU.Build.0 = Release|Any CPU
		{12D7893A-DA46-4CCD-B919-29CE90C5B9CB}.로컬 전체 컴파일|x86.ActiveCfg = Debug|Any CPU
		{12D7893A-DA46-4CCD-B919-29CE90C5B9CB}.웹서버용 전체 컴파일|Any CPU.ActiveCfg = Release|Any CPU
		{12D7893A-DA46-4CCD-B919-29CE90C5B9CB}.웹서버용 전체 컴파일|Any CPU.Build.0 = Release|Any CPU
		{12D7893A-DA46-4CCD-B919-29CE90C5B9CB}.웹서버용 전체 컴파일|x86.ActiveCfg = Debug|Any CPU
		{12D7893A-DA46-4CCD-B919-29CE90C5B9CB}.패치용|Any CPU.ActiveCfg = Release|Any CPU
		{12D7893A-DA46-4CCD-B919-29CE90C5B9CB}.패치용|Any CPU.Build.0 = Release|Any CPU
		{12D7893A-DA46-4CCD-B919-29CE90C5B9CB}.패치용|x86.ActiveCfg = Debug|Any CPU
		{D49B5268-4C34-44C6-B688-80653EE9A189}.Debug Remote|Any CPU.ActiveCfg = Debug|Any CPU
		{D49B5268-4C34-44C6-B688-80653EE9A189}.Debug Remote|Any CPU.Build.0 = Debug|Any CPU
		{D49B5268-4C34-44C6-B688-80653EE9A189}.Debug Remote|x86.ActiveCfg = Debug|Any CPU
		{D49B5268-4C34-44C6-B688-80653EE9A189}.Debug|Any CPU.ActiveCfg = Debug|Any CPU
		{D49B5268-4C34-44C6-B688-80653EE9A189}.Debug|Any CPU.Build.0 = Debug|Any CPU
		{D49B5268-4C34-44C6-B688-80653EE9A189}.Debug|x86.ActiveCfg = Debug|x86
		{D49B5268-4C34-44C6-B688-80653EE9A189}.Debug|x86.Build.0 = Debug|x86
		{D49B5268-4C34-44C6-B688-80653EE9A189}.Release|Any CPU.ActiveCfg = Release|Any CPU
		{D49B5268-4C34-44C6-B688-80653EE9A189}.Release|Any CPU.Build.0 = Release|Any CPU
		{D49B5268-4C34-44C6-B688-80653EE9A189}.Release|x86.ActiveCfg = Release|x86
		{D49B5268-4C34-44C6-B688-80653EE9A189}.Release|x86.Build.0 = Release|x86
		{D49B5268-4C34-44C6-B688-80653EE9A189}.Web Debug|Any CPU.ActiveCfg = Debug|Any CPU
		{D49B5268-4C34-44C6-B688-80653EE9A189}.Web Debug|Any CPU.Build.0 = Debug|Any CPU
		{D49B5268-4C34-44C6-B688-80653EE9A189}.Web Debug|x86.ActiveCfg = Debug|x86
		{D49B5268-4C34-44C6-B688-80653EE9A189}.Web Debug|x86.Build.0 = Debug|x86
		{D49B5268-4C34-44C6-B688-80653EE9A189}.데모1사이트에 복사|Any CPU.ActiveCfg = 로컬 전체 컴파일|Any CPU
		{D49B5268-4C34-44C6-B688-80653EE9A189}.데모1사이트에 복사|Any CPU.Build.0 = 로컬 전체 컴파일|Any CPU
		{D49B5268-4C34-44C6-B688-80653EE9A189}.데모1사이트에 복사|x86.ActiveCfg = Release|Any CPU
		{D49B5268-4C34-44C6-B688-80653EE9A189}.로컬 전체 컴파일|Any CPU.ActiveCfg = Release|Any CPU
		{D49B5268-4C34-44C6-B688-80653EE9A189}.로컬 전체 컴파일|Any CPU.Build.0 = Release|Any CPU
		{D49B5268-4C34-44C6-B688-80653EE9A189}.로컬 전체 컴파일|x86.ActiveCfg = 로컬 전체 컴파일|x86
		{D49B5268-4C34-44C6-B688-80653EE9A189}.로컬 전체 컴파일|x86.Build.0 = 로컬 전체 컴파일|x86
		{D49B5268-4C34-44C6-B688-80653EE9A189}.웹서버용 전체 컴파일|Any CPU.ActiveCfg = Release|Any CPU
		{D49B5268-4C34-44C6-B688-80653EE9A189}.웹서버용 전체 컴파일|Any CPU.Build.0 = Release|Any CPU
		{D49B5268-4C34-44C6-B688-80653EE9A189}.웹서버용 전체 컴파일|x86.ActiveCfg = Release|Any CPU
		{D49B5268-4C34-44C6-B688-80653EE9A189}.패치용|Any CPU.ActiveCfg = Release|Any CPU
		{D49B5268-4C34-44C6-B688-80653EE9A189}.패치용|Any CPU.Build.0 = Release|Any CPU
		{D49B5268-4C34-44C6-B688-80653EE9A189}.패치용|x86.ActiveCfg = Release|Any CPU
		{AEA6187C-26AF-4025-9C02-29A010F81CFE}.Debug Remote|Any CPU.ActiveCfg = Debug|Any CPU
		{AEA6187C-26AF-4025-9C02-29A010F81CFE}.Debug Remote|Any CPU.Build.0 = Debug|Any CPU
		{AEA6187C-26AF-4025-9C02-29A010F81CFE}.Debug Remote|x86.ActiveCfg = Debug|Any CPU
		{AEA6187C-26AF-4025-9C02-29A010F81CFE}.Debug|Any CPU.ActiveCfg = Debug|Any CPU
		{AEA6187C-26AF-4025-9C02-29A010F81CFE}.Debug|Any CPU.Build.0 = Debug|Any CPU
		{AEA6187C-26AF-4025-9C02-29A010F81CFE}.Debug|x86.ActiveCfg = Debug|x86
		{AEA6187C-26AF-4025-9C02-29A010F81CFE}.Debug|x86.Build.0 = Debug|x86
		{AEA6187C-26AF-4025-9C02-29A010F81CFE}.Release|Any CPU.ActiveCfg = Release|Any CPU
		{AEA6187C-26AF-4025-9C02-29A010F81CFE}.Release|Any CPU.Build.0 = Release|Any CPU
		{AEA6187C-26AF-4025-9C02-29A010F81CFE}.Release|x86.ActiveCfg = Release|x86
		{AEA6187C-26AF-4025-9C02-29A010F81CFE}.Release|x86.Build.0 = Release|x86
		{AEA6187C-26AF-4025-9C02-29A010F81CFE}.Web Debug|Any CPU.ActiveCfg = Debug|Any CPU
		{AEA6187C-26AF-4025-9C02-29A010F81CFE}.Web Debug|Any CPU.Build.0 = Debug|Any CPU
		{AEA6187C-26AF-4025-9C02-29A010F81CFE}.Web Debug|x86.ActiveCfg = Debug|x86
		{AEA6187C-26AF-4025-9C02-29A010F81CFE}.Web Debug|x86.Build.0 = Debug|x86
		{AEA6187C-26AF-4025-9C02-29A010F81CFE}.데모1사이트에 복사|Any CPU.ActiveCfg = 로컬 전체 컴파일|Any CPU
		{AEA6187C-26AF-4025-9C02-29A010F81CFE}.데모1사이트에 복사|Any CPU.Build.0 = 로컬 전체 컴파일|Any CPU
		{AEA6187C-26AF-4025-9C02-29A010F81CFE}.데모1사이트에 복사|x86.ActiveCfg = Debug|Any CPU
		{AEA6187C-26AF-4025-9C02-29A010F81CFE}.로컬 전체 컴파일|Any CPU.ActiveCfg = Release|Any CPU
		{AEA6187C-26AF-4025-9C02-29A010F81CFE}.로컬 전체 컴파일|Any CPU.Build.0 = Release|Any CPU
		{AEA6187C-26AF-4025-9C02-29A010F81CFE}.로컬 전체 컴파일|x86.ActiveCfg = 로컬 전체 컴파일|x86
		{AEA6187C-26AF-4025-9C02-29A010F81CFE}.로컬 전체 컴파일|x86.Build.0 = 로컬 전체 컴파일|x86
		{AEA6187C-26AF-4025-9C02-29A010F81CFE}.웹서버용 전체 컴파일|Any CPU.ActiveCfg = Release|Any CPU
		{AEA6187C-26AF-4025-9C02-29A010F81CFE}.웹서버용 전체 컴파일|Any CPU.Build.0 = Release|Any CPU
		{AEA6187C-26AF-4025-9C02-29A010F81CFE}.웹서버용 전체 컴파일|x86.ActiveCfg = Debug|Any CPU
		{AEA6187C-26AF-4025-9C02-29A010F81CFE}.패치용|Any CPU.ActiveCfg = Release|Any CPU
		{AEA6187C-26AF-4025-9C02-29A010F81CFE}.패치용|Any CPU.Build.0 = Release|Any CPU
		{AEA6187C-26AF-4025-9C02-29A010F81CFE}.패치용|x86.ActiveCfg = Debug|Any CPU
		{DFE68F78-7DBA-45BC-AB91-FB685733205B}.Debug Remote|Any CPU.ActiveCfg = Debug|Any CPU
		{DFE68F78-7DBA-45BC-AB91-FB685733205B}.Debug Remote|Any CPU.Build.0 = Debug|Any CPU
		{DFE68F78-7DBA-45BC-AB91-FB685733205B}.Debug Remote|x86.ActiveCfg = Debug|x86
		{DFE68F78-7DBA-45BC-AB91-FB685733205B}.Debug Remote|x86.Build.0 = Debug|x86
		{DFE68F78-7DBA-45BC-AB91-FB685733205B}.Debug|Any CPU.ActiveCfg = Debug|Any CPU
		{DFE68F78-7DBA-45BC-AB91-FB685733205B}.Debug|Any CPU.Build.0 = Debug|Any CPU
		{DFE68F78-7DBA-45BC-AB91-FB685733205B}.Debug|x86.ActiveCfg = Debug|x86
		{DFE68F78-7DBA-45BC-AB91-FB685733205B}.Debug|x86.Build.0 = Debug|x86
		{DFE68F78-7DBA-45BC-AB91-FB685733205B}.Release|Any CPU.ActiveCfg = Release|Any CPU
		{DFE68F78-7DBA-45BC-AB91-FB685733205B}.Release|Any CPU.Build.0 = Release|Any CPU
		{DFE68F78-7DBA-45BC-AB91-FB685733205B}.Release|x86.ActiveCfg = Release|x86
		{DFE68F78-7DBA-45BC-AB91-FB685733205B}.Release|x86.Build.0 = Release|x86
		{DFE68F78-7DBA-45BC-AB91-FB685733205B}.Web Debug|Any CPU.ActiveCfg = Debug|Any CPU
		{DFE68F78-7DBA-45BC-AB91-FB685733205B}.Web Debug|Any CPU.Build.0 = Debug|Any CPU
		{DFE68F78-7DBA-45BC-AB91-FB685733205B}.Web Debug|x86.ActiveCfg = Debug|x86
		{DFE68F78-7DBA-45BC-AB91-FB685733205B}.Web Debug|x86.Build.0 = Debug|x86
		{DFE68F78-7DBA-45BC-AB91-FB685733205B}.데모1사이트에 복사|Any CPU.ActiveCfg = Release|Any CPU
		{DFE68F78-7DBA-45BC-AB91-FB685733205B}.데모1사이트에 복사|Any CPU.Build.0 = Release|Any CPU
		{DFE68F78-7DBA-45BC-AB91-FB685733205B}.데모1사이트에 복사|x86.ActiveCfg = Release|x86
		{DFE68F78-7DBA-45BC-AB91-FB685733205B}.데모1사이트에 복사|x86.Build.0 = Release|x86
		{DFE68F78-7DBA-45BC-AB91-FB685733205B}.로컬 전체 컴파일|Any CPU.ActiveCfg = Release|Any CPU
		{DFE68F78-7DBA-45BC-AB91-FB685733205B}.로컬 전체 컴파일|Any CPU.Build.0 = Release|Any CPU
		{DFE68F78-7DBA-45BC-AB91-FB685733205B}.로컬 전체 컴파일|x86.ActiveCfg = Release|x86
		{DFE68F78-7DBA-45BC-AB91-FB685733205B}.로컬 전체 컴파일|x86.Build.0 = Release|x86
		{DFE68F78-7DBA-45BC-AB91-FB685733205B}.웹서버용 전체 컴파일|Any CPU.ActiveCfg = Release|Any CPU
		{DFE68F78-7DBA-45BC-AB91-FB685733205B}.웹서버용 전체 컴파일|Any CPU.Build.0 = Release|Any CPU
		{DFE68F78-7DBA-45BC-AB91-FB685733205B}.웹서버용 전체 컴파일|x86.ActiveCfg = Release|x86
		{DFE68F78-7DBA-45BC-AB91-FB685733205B}.웹서버용 전체 컴파일|x86.Build.0 = Release|x86
		{DFE68F78-7DBA-45BC-AB91-FB685733205B}.패치용|Any CPU.ActiveCfg = Release|Any CPU
		{DFE68F78-7DBA-45BC-AB91-FB685733205B}.패치용|Any CPU.Build.0 = Release|Any CPU
		{DFE68F78-7DBA-45BC-AB91-FB685733205B}.패치용|x86.ActiveCfg = Release|x86
		{DFE68F78-7DBA-45BC-AB91-FB685733205B}.패치용|x86.Build.0 = Release|x86
		{8D7144DE-EBFE-4D1C-B7B7-01C07726CC12}.Debug Remote|Any CPU.ActiveCfg = Debug|Any CPU
		{8D7144DE-EBFE-4D1C-B7B7-01C07726CC12}.Debug Remote|Any CPU.Build.0 = Debug|Any CPU
		{8D7144DE-EBFE-4D1C-B7B7-01C07726CC12}.Debug Remote|x86.ActiveCfg = Debug|Any CPU
		{8D7144DE-EBFE-4D1C-B7B7-01C07726CC12}.Debug|Any CPU.ActiveCfg = Debug|Any CPU
		{8D7144DE-EBFE-4D1C-B7B7-01C07726CC12}.Debug|Any CPU.Build.0 = Debug|Any CPU
		{8D7144DE-EBFE-4D1C-B7B7-01C07726CC12}.Debug|x86.ActiveCfg = Debug|x86
		{8D7144DE-EBFE-4D1C-B7B7-01C07726CC12}.Debug|x86.Build.0 = Debug|x86
		{8D7144DE-EBFE-4D1C-B7B7-01C07726CC12}.Release|Any CPU.ActiveCfg = Release|Any CPU
		{8D7144DE-EBFE-4D1C-B7B7-01C07726CC12}.Release|Any CPU.Build.0 = Release|Any CPU
		{8D7144DE-EBFE-4D1C-B7B7-01C07726CC12}.Release|x86.ActiveCfg = Release|x86
		{8D7144DE-EBFE-4D1C-B7B7-01C07726CC12}.Release|x86.Build.0 = Release|x86
		{8D7144DE-EBFE-4D1C-B7B7-01C07726CC12}.Web Debug|Any CPU.ActiveCfg = Debug|Any CPU
		{8D7144DE-EBFE-4D1C-B7B7-01C07726CC12}.Web Debug|Any CPU.Build.0 = Debug|Any CPU
		{8D7144DE-EBFE-4D1C-B7B7-01C07726CC12}.Web Debug|x86.ActiveCfg = Debug|x86
		{8D7144DE-EBFE-4D1C-B7B7-01C07726CC12}.Web Debug|x86.Build.0 = Debug|x86
		{8D7144DE-EBFE-4D1C-B7B7-01C07726CC12}.데모1사이트에 복사|Any CPU.ActiveCfg = 로컬 전체 컴파일|Any CPU
		{8D7144DE-EBFE-4D1C-B7B7-01C07726CC12}.데모1사이트에 복사|Any CPU.Build.0 = 로컬 전체 컴파일|Any CPU
		{8D7144DE-EBFE-4D1C-B7B7-01C07726CC12}.데모1사이트에 복사|x86.ActiveCfg = Release|Any CPU
		{8D7144DE-EBFE-4D1C-B7B7-01C07726CC12}.로컬 전체 컴파일|Any CPU.ActiveCfg = Release|Any CPU
		{8D7144DE-EBFE-4D1C-B7B7-01C07726CC12}.로컬 전체 컴파일|Any CPU.Build.0 = Release|Any CPU
		{8D7144DE-EBFE-4D1C-B7B7-01C07726CC12}.로컬 전체 컴파일|x86.ActiveCfg = 로컬 전체 컴파일|x86
		{8D7144DE-EBFE-4D1C-B7B7-01C07726CC12}.로컬 전체 컴파일|x86.Build.0 = 로컬 전체 컴파일|x86
		{8D7144DE-EBFE-4D1C-B7B7-01C07726CC12}.웹서버용 전체 컴파일|Any CPU.ActiveCfg = Release|Any CPU
		{8D7144DE-EBFE-4D1C-B7B7-01C07726CC12}.웹서버용 전체 컴파일|Any CPU.Build.0 = Release|Any CPU
		{8D7144DE-EBFE-4D1C-B7B7-01C07726CC12}.웹서버용 전체 컴파일|x86.ActiveCfg = Release|Any CPU
		{8D7144DE-EBFE-4D1C-B7B7-01C07726CC12}.패치용|Any CPU.ActiveCfg = Release|Any CPU
		{8D7144DE-EBFE-4D1C-B7B7-01C07726CC12}.패치용|Any CPU.Build.0 = Release|Any CPU
		{8D7144DE-EBFE-4D1C-B7B7-01C07726CC12}.패치용|x86.ActiveCfg = Release|Any CPU
		{03415E5F-99CA-4F21-B732-80372B2AA265}.Debug Remote|Any CPU.ActiveCfg = Debug|Any CPU
		{03415E5F-99CA-4F21-B732-80372B2AA265}.Debug Remote|Any CPU.Build.0 = Debug|Any CPU
		{03415E5F-99CA-4F21-B732-80372B2AA265}.Debug Remote|x86.ActiveCfg = Debug|Any CPU
		{03415E5F-99CA-4F21-B732-80372B2AA265}.Debug|Any CPU.ActiveCfg = Debug|Any CPU
		{03415E5F-99CA-4F21-B732-80372B2AA265}.Debug|Any CPU.Build.0 = Debug|Any CPU
		{03415E5F-99CA-4F21-B732-80372B2AA265}.Debug|x86.ActiveCfg = Debug|x86
		{03415E5F-99CA-4F21-B732-80372B2AA265}.Debug|x86.Build.0 = Debug|x86
		{03415E5F-99CA-4F21-B732-80372B2AA265}.Release|Any CPU.ActiveCfg = Release|Any CPU
		{03415E5F-99CA-4F21-B732-80372B2AA265}.Release|Any CPU.Build.0 = Release|Any CPU
		{03415E5F-99CA-4F21-B732-80372B2AA265}.Release|x86.ActiveCfg = Release|x86
		{03415E5F-99CA-4F21-B732-80372B2AA265}.Release|x86.Build.0 = Release|x86
		{03415E5F-99CA-4F21-B732-80372B2AA265}.Web Debug|Any CPU.ActiveCfg = Debug|Any CPU
		{03415E5F-99CA-4F21-B732-80372B2AA265}.Web Debug|Any CPU.Build.0 = Debug|Any CPU
		{03415E5F-99CA-4F21-B732-80372B2AA265}.Web Debug|x86.ActiveCfg = Debug|x86
		{03415E5F-99CA-4F21-B732-80372B2AA265}.Web Debug|x86.Build.0 = Debug|x86
		{03415E5F-99CA-4F21-B732-80372B2AA265}.데모1사이트에 복사|Any CPU.ActiveCfg = Release|Any CPU
		{03415E5F-99CA-4F21-B732-80372B2AA265}.데모1사이트에 복사|Any CPU.Build.0 = Release|Any CPU
		{03415E5F-99CA-4F21-B732-80372B2AA265}.데모1사이트에 복사|x86.ActiveCfg = Debug|Any CPU
		{03415E5F-99CA-4F21-B732-80372B2AA265}.로컬 전체 컴파일|Any CPU.ActiveCfg = Release|Any CPU
		{03415E5F-99CA-4F21-B732-80372B2AA265}.로컬 전체 컴파일|Any CPU.Build.0 = Release|Any CPU
		{03415E5F-99CA-4F21-B732-80372B2AA265}.로컬 전체 컴파일|x86.ActiveCfg = Debug|Any CPU
		{03415E5F-99CA-4F21-B732-80372B2AA265}.웹서버용 전체 컴파일|Any CPU.ActiveCfg = Release|Any CPU
		{03415E5F-99CA-4F21-B732-80372B2AA265}.웹서버용 전체 컴파일|Any CPU.Build.0 = Release|Any CPU
		{03415E5F-99CA-4F21-B732-80372B2AA265}.웹서버용 전체 컴파일|x86.ActiveCfg = Debug|Any CPU
		{03415E5F-99CA-4F21-B732-80372B2AA265}.패치용|Any CPU.ActiveCfg = Release|Any CPU
		{03415E5F-99CA-4F21-B732-80372B2AA265}.패치용|Any CPU.Build.0 = Release|Any CPU
		{03415E5F-99CA-4F21-B732-80372B2AA265}.패치용|x86.ActiveCfg = Debug|Any CPU
		{EBA72834-6DBB-416C-8A89-76597EFC0DD2}.Debug Remote|Any CPU.ActiveCfg = Debug|Any CPU
		{EBA72834-6DBB-416C-8A89-76597EFC0DD2}.Debug Remote|Any CPU.Build.0 = Debug|Any CPU
		{EBA72834-6DBB-416C-8A89-76597EFC0DD2}.Debug Remote|x86.ActiveCfg = Debug|Any CPU
		{EBA72834-6DBB-416C-8A89-76597EFC0DD2}.Debug|Any CPU.ActiveCfg = Debug|Any CPU
		{EBA72834-6DBB-416C-8A89-76597EFC0DD2}.Debug|Any CPU.Build.0 = Debug|Any CPU
		{EBA72834-6DBB-416C-8A89-76597EFC0DD2}.Debug|x86.ActiveCfg = Debug|x86
		{EBA72834-6DBB-416C-8A89-76597EFC0DD2}.Debug|x86.Build.0 = Debug|x86
		{EBA72834-6DBB-416C-8A89-76597EFC0DD2}.Release|Any CPU.ActiveCfg = Release|Any CPU
		{EBA72834-6DBB-416C-8A89-76597EFC0DD2}.Release|Any CPU.Build.0 = Release|Any CPU
		{EBA72834-6DBB-416C-8A89-76597EFC0DD2}.Release|x86.ActiveCfg = Release|x86
		{EBA72834-6DBB-416C-8A89-76597EFC0DD2}.Release|x86.Build.0 = Release|x86
		{EBA72834-6DBB-416C-8A89-76597EFC0DD2}.Web Debug|Any CPU.ActiveCfg = Debug|Any CPU
		{EBA72834-6DBB-416C-8A89-76597EFC0DD2}.Web Debug|Any CPU.Build.0 = Debug|Any CPU
		{EBA72834-6DBB-416C-8A89-76597EFC0DD2}.Web Debug|x86.ActiveCfg = Debug|x86
		{EBA72834-6DBB-416C-8A89-76597EFC0DD2}.Web Debug|x86.Build.0 = Debug|x86
		{EBA72834-6DBB-416C-8A89-76597EFC0DD2}.데모1사이트에 복사|Any CPU.ActiveCfg = Release|Any CPU
		{EBA72834-6DBB-416C-8A89-76597EFC0DD2}.데모1사이트에 복사|Any CPU.Build.0 = Release|Any CPU
		{EBA72834-6DBB-416C-8A89-76597EFC0DD2}.데모1사이트에 복사|x86.ActiveCfg = Debug|Any CPU
		{EBA72834-6DBB-416C-8A89-76597EFC0DD2}.로컬 전체 컴파일|Any CPU.ActiveCfg = Release|Any CPU
		{EBA72834-6DBB-416C-8A89-76597EFC0DD2}.로컬 전체 컴파일|Any CPU.Build.0 = Release|Any CPU
		{EBA72834-6DBB-416C-8A89-76597EFC0DD2}.로컬 전체 컴파일|x86.ActiveCfg = Debug|Any CPU
		{EBA72834-6DBB-416C-8A89-76597EFC0DD2}.웹서버용 전체 컴파일|Any CPU.ActiveCfg = Release|Any CPU
		{EBA72834-6DBB-416C-8A89-76597EFC0DD2}.웹서버용 전체 컴파일|Any CPU.Build.0 = Release|Any CPU
		{EBA72834-6DBB-416C-8A89-76597EFC0DD2}.웹서버용 전체 컴파일|x86.ActiveCfg = Debug|Any CPU
		{EBA72834-6DBB-416C-8A89-76597EFC0DD2}.패치용|Any CPU.ActiveCfg = Release|Any CPU
		{EBA72834-6DBB-416C-8A89-76597EFC0DD2}.패치용|Any CPU.Build.0 = Release|Any CPU
		{EBA72834-6DBB-416C-8A89-76597EFC0DD2}.패치용|x86.ActiveCfg = Debug|Any CPU
		{E50BFB46-52E6-4467-A4F8-C1B8FBB14CAA}.Debug Remote|Any CPU.ActiveCfg = Debug|Any CPU
		{E50BFB46-52E6-4467-A4F8-C1B8FBB14CAA}.Debug Remote|Any CPU.Build.0 = Debug|Any CPU
		{E50BFB46-52E6-4467-A4F8-C1B8FBB14CAA}.Debug Remote|x86.ActiveCfg = Debug|Any CPU
		{E50BFB46-52E6-4467-A4F8-C1B8FBB14CAA}.Debug|Any CPU.ActiveCfg = Debug|Any CPU
		{E50BFB46-52E6-4467-A4F8-C1B8FBB14CAA}.Debug|Any CPU.Build.0 = Debug|Any CPU
		{E50BFB46-52E6-4467-A4F8-C1B8FBB14CAA}.Debug|x86.ActiveCfg = Debug|x86
		{E50BFB46-52E6-4467-A4F8-C1B8FBB14CAA}.Debug|x86.Build.0 = Debug|x86
		{E50BFB46-52E6-4467-A4F8-C1B8FBB14CAA}.Release|Any CPU.ActiveCfg = Release|Any CPU
		{E50BFB46-52E6-4467-A4F8-C1B8FBB14CAA}.Release|Any CPU.Build.0 = Release|Any CPU
		{E50BFB46-52E6-4467-A4F8-C1B8FBB14CAA}.Release|x86.ActiveCfg = Release|x86
		{E50BFB46-52E6-4467-A4F8-C1B8FBB14CAA}.Release|x86.Build.0 = Release|x86
		{E50BFB46-52E6-4467-A4F8-C1B8FBB14CAA}.Web Debug|Any CPU.ActiveCfg = Debug|Any CPU
		{E50BFB46-52E6-4467-A4F8-C1B8FBB14CAA}.Web Debug|Any CPU.Build.0 = Debug|Any CPU
		{E50BFB46-52E6-4467-A4F8-C1B8FBB14CAA}.Web Debug|x86.ActiveCfg = Debug|x86
		{E50BFB46-52E6-4467-A4F8-C1B8FBB14CAA}.Web Debug|x86.Build.0 = Debug|x86
		{E50BFB46-52E6-4467-A4F8-C1B8FBB14CAA}.데모1사이트에 복사|Any CPU.ActiveCfg = Release|Any CPU
		{E50BFB46-52E6-4467-A4F8-C1B8FBB14CAA}.데모1사이트에 복사|Any CPU.Build.0 = Release|Any CPU
		{E50BFB46-52E6-4467-A4F8-C1B8FBB14CAA}.데모1사이트에 복사|x86.ActiveCfg = Debug|Any CPU
		{E50BFB46-52E6-4467-A4F8-C1B8FBB14CAA}.로컬 전체 컴파일|Any CPU.ActiveCfg = Release|Any CPU
		{E50BFB46-52E6-4467-A4F8-C1B8FBB14CAA}.로컬 전체 컴파일|Any CPU.Build.0 = Release|Any CPU
		{E50BFB46-52E6-4467-A4F8-C1B8FBB14CAA}.로컬 전체 컴파일|x86.ActiveCfg = Debug|Any CPU
		{E50BFB46-52E6-4467-A4F8-C1B8FBB14CAA}.웹서버용 전체 컴파일|Any CPU.ActiveCfg = Release|Any CPU
		{E50BFB46-52E6-4467-A4F8-C1B8FBB14CAA}.웹서버용 전체 컴파일|Any CPU.Build.0 = Release|Any CPU
		{E50BFB46-52E6-4467-A4F8-C1B8FBB14CAA}.웹서버용 전체 컴파일|x86.ActiveCfg = Debug|Any CPU
		{E50BFB46-52E6-4467-A4F8-C1B8FBB14CAA}.패치용|Any CPU.ActiveCfg = Release|Any CPU
		{E50BFB46-52E6-4467-A4F8-C1B8FBB14CAA}.패치용|Any CPU.Build.0 = Release|Any CPU
		{E50BFB46-52E6-4467-A4F8-C1B8FBB14CAA}.패치용|x86.ActiveCfg = Debug|Any CPU
		{46B4BACB-0EFA-49FE-8F3A-0B3279E18DB8}.Debug Remote|Any CPU.ActiveCfg = Debug|Any CPU
		{46B4BACB-0EFA-49FE-8F3A-0B3279E18DB8}.Debug Remote|Any CPU.Build.0 = Debug|Any CPU
		{46B4BACB-0EFA-49FE-8F3A-0B3279E18DB8}.Debug Remote|x86.ActiveCfg = Debug|Any CPU
		{46B4BACB-0EFA-49FE-8F3A-0B3279E18DB8}.Debug|Any CPU.ActiveCfg = Debug|Any CPU
		{46B4BACB-0EFA-49FE-8F3A-0B3279E18DB8}.Debug|Any CPU.Build.0 = Debug|Any CPU
		{46B4BACB-0EFA-49FE-8F3A-0B3279E18DB8}.Debug|x86.ActiveCfg = Debug|x86
		{46B4BACB-0EFA-49FE-8F3A-0B3279E18DB8}.Debug|x86.Build.0 = Debug|x86
		{46B4BACB-0EFA-49FE-8F3A-0B3279E18DB8}.Release|Any CPU.ActiveCfg = Release|Any CPU
		{46B4BACB-0EFA-49FE-8F3A-0B3279E18DB8}.Release|Any CPU.Build.0 = Release|Any CPU
		{46B4BACB-0EFA-49FE-8F3A-0B3279E18DB8}.Release|x86.ActiveCfg = Release|x86
		{46B4BACB-0EFA-49FE-8F3A-0B3279E18DB8}.Release|x86.Build.0 = Release|x86
		{46B4BACB-0EFA-49FE-8F3A-0B3279E18DB8}.Web Debug|Any CPU.ActiveCfg = Debug|Any CPU
		{46B4BACB-0EFA-49FE-8F3A-0B3279E18DB8}.Web Debug|Any CPU.Build.0 = Debug|Any CPU
		{46B4BACB-0EFA-49FE-8F3A-0B3279E18DB8}.Web Debug|x86.ActiveCfg = Debug|x86
		{46B4BACB-0EFA-49FE-8F3A-0B3279E18DB8}.Web Debug|x86.Build.0 = Debug|x86
		{46B4BACB-0EFA-49FE-8F3A-0B3279E18DB8}.데모1사이트에 복사|Any CPU.ActiveCfg = Release|Any CPU
		{46B4BACB-0EFA-49FE-8F3A-0B3279E18DB8}.데모1사이트에 복사|Any CPU.Build.0 = Release|Any CPU
		{46B4BACB-0EFA-49FE-8F3A-0B3279E18DB8}.데모1사이트에 복사|x86.ActiveCfg = Debug|Any CPU
		{46B4BACB-0EFA-49FE-8F3A-0B3279E18DB8}.로컬 전체 컴파일|Any CPU.ActiveCfg = Release|Any CPU
		{46B4BACB-0EFA-49FE-8F3A-0B3279E18DB8}.로컬 전체 컴파일|Any CPU.Build.0 = Release|Any CPU
		{46B4BACB-0EFA-49FE-8F3A-0B3279E18DB8}.로컬 전체 컴파일|x86.ActiveCfg = Debug|Any CPU
		{46B4BACB-0EFA-49FE-8F3A-0B3279E18DB8}.웹서버용 전체 컴파일|Any CPU.ActiveCfg = Release|Any CPU
		{46B4BACB-0EFA-49FE-8F3A-0B3279E18DB8}.웹서버용 전체 컴파일|Any CPU.Build.0 = Release|Any CPU
		{46B4BACB-0EFA-49FE-8F3A-0B3279E18DB8}.웹서버용 전체 컴파일|x86.ActiveCfg = Debug|Any CPU
		{46B4BACB-0EFA-49FE-8F3A-0B3279E18DB8}.패치용|Any CPU.ActiveCfg = Release|Any CPU
		{46B4BACB-0EFA-49FE-8F3A-0B3279E18DB8}.패치용|Any CPU.Build.0 = Release|Any CPU
		{46B4BACB-0EFA-49FE-8F3A-0B3279E18DB8}.패치용|x86.ActiveCfg = Debug|Any CPU
		{BFC7F4F7-35CD-4FE9-8F34-ACA05EEABB12}.Debug Remote|Any CPU.ActiveCfg = Debug|Any CPU
		{BFC7F4F7-35CD-4FE9-8F34-ACA05EEABB12}.Debug Remote|Any CPU.Build.0 = Debug|Any CPU
		{BFC7F4F7-35CD-4FE9-8F34-ACA05EEABB12}.Debug Remote|x86.ActiveCfg = Debug|Any CPU
		{BFC7F4F7-35CD-4FE9-8F34-ACA05EEABB12}.Debug|Any CPU.ActiveCfg = Debug|Any CPU
		{BFC7F4F7-35CD-4FE9-8F34-ACA05EEABB12}.Debug|Any CPU.Build.0 = Debug|Any CPU
		{BFC7F4F7-35CD-4FE9-8F34-ACA05EEABB12}.Debug|x86.ActiveCfg = Debug|x86
		{BFC7F4F7-35CD-4FE9-8F34-ACA05EEABB12}.Debug|x86.Build.0 = Debug|x86
		{BFC7F4F7-35CD-4FE9-8F34-ACA05EEABB12}.Release|Any CPU.ActiveCfg = Release|Any CPU
		{BFC7F4F7-35CD-4FE9-8F34-ACA05EEABB12}.Release|Any CPU.Build.0 = Release|Any CPU
		{BFC7F4F7-35CD-4FE9-8F34-ACA05EEABB12}.Release|x86.ActiveCfg = Release|x86
		{BFC7F4F7-35CD-4FE9-8F34-ACA05EEABB12}.Release|x86.Build.0 = Release|x86
		{BFC7F4F7-35CD-4FE9-8F34-ACA05EEABB12}.Web Debug|Any CPU.ActiveCfg = Debug|Any CPU
		{BFC7F4F7-35CD-4FE9-8F34-ACA05EEABB12}.Web Debug|Any CPU.Build.0 = Debug|Any CPU
		{BFC7F4F7-35CD-4FE9-8F34-ACA05EEABB12}.Web Debug|x86.ActiveCfg = Debug|x86
		{BFC7F4F7-35CD-4FE9-8F34-ACA05EEABB12}.Web Debug|x86.Build.0 = Debug|x86
		{BFC7F4F7-35CD-4FE9-8F34-ACA05EEABB12}.데모1사이트에 복사|Any CPU.ActiveCfg = Release|Any CPU
		{BFC7F4F7-35CD-4FE9-8F34-ACA05EEABB12}.데모1사이트에 복사|Any CPU.Build.0 = Release|Any CPU
		{BFC7F4F7-35CD-4FE9-8F34-ACA05EEABB12}.데모1사이트에 복사|x86.ActiveCfg = Debug|Any CPU
		{BFC7F4F7-35CD-4FE9-8F34-ACA05EEABB12}.로컬 전체 컴파일|Any CPU.ActiveCfg = Release|Any CPU
		{BFC7F4F7-35CD-4FE9-8F34-ACA05EEABB12}.로컬 전체 컴파일|Any CPU.Build.0 = Release|Any CPU
		{BFC7F4F7-35CD-4FE9-8F34-ACA05EEABB12}.로컬 전체 컴파일|x86.ActiveCfg = Debug|Any CPU
		{BFC7F4F7-35CD-4FE9-8F34-ACA05EEABB12}.웹서버용 전체 컴파일|Any CPU.ActiveCfg = Release|Any CPU
		{BFC7F4F7-35CD-4FE9-8F34-ACA05EEABB12}.웹서버용 전체 컴파일|Any CPU.Build.0 = Release|Any CPU
		{BFC7F4F7-35CD-4FE9-8F34-ACA05EEABB12}.웹서버용 전체 컴파일|x86.ActiveCfg = Debug|Any CPU
		{BFC7F4F7-35CD-4FE9-8F34-ACA05EEABB12}.패치용|Any CPU.ActiveCfg = Release|Any CPU
		{BFC7F4F7-35CD-4FE9-8F34-ACA05EEABB12}.패치용|Any CPU.Build.0 = Release|Any CPU
		{BFC7F4F7-35CD-4FE9-8F34-ACA05EEABB12}.패치용|x86.ActiveCfg = Debug|Any CPU
		{2BA16408-BC41-4D6A-9ACA-595257520DA8}.Debug Remote|Any CPU.ActiveCfg = Debug|Any CPU
		{2BA16408-BC41-4D6A-9ACA-595257520DA8}.Debug Remote|Any CPU.Build.0 = Debug|Any CPU
		{2BA16408-BC41-4D6A-9ACA-595257520DA8}.Debug Remote|x86.ActiveCfg = Debug|Any CPU
		{2BA16408-BC41-4D6A-9ACA-595257520DA8}.Debug|Any CPU.ActiveCfg = Debug|Any CPU
		{2BA16408-BC41-4D6A-9ACA-595257520DA8}.Debug|Any CPU.Build.0 = Debug|Any CPU
		{2BA16408-BC41-4D6A-9ACA-595257520DA8}.Debug|x86.ActiveCfg = Debug|x86
		{2BA16408-BC41-4D6A-9ACA-595257520DA8}.Debug|x86.Build.0 = Debug|x86
		{2BA16408-BC41-4D6A-9ACA-595257520DA8}.Release|Any CPU.ActiveCfg = Release|Any CPU
		{2BA16408-BC41-4D6A-9ACA-595257520DA8}.Release|Any CPU.Build.0 = Release|Any CPU
		{2BA16408-BC41-4D6A-9ACA-595257520DA8}.Release|x86.ActiveCfg = Release|x86
		{2BA16408-BC41-4D6A-9ACA-595257520DA8}.Release|x86.Build.0 = Release|x86
		{2BA16408-BC41-4D6A-9ACA-595257520DA8}.Web Debug|Any CPU.ActiveCfg = Debug|Any CPU
		{2BA16408-BC41-4D6A-9ACA-595257520DA8}.Web Debug|Any CPU.Build.0 = Debug|Any CPU
		{2BA16408-BC41-4D6A-9ACA-595257520DA8}.Web Debug|x86.ActiveCfg = Debug|x86
		{2BA16408-BC41-4D6A-9ACA-595257520DA8}.Web Debug|x86.Build.0 = Debug|x86
		{2BA16408-BC41-4D6A-9ACA-595257520DA8}.데모1사이트에 복사|Any CPU.ActiveCfg = Release|Any CPU
		{2BA16408-BC41-4D6A-9ACA-595257520DA8}.데모1사이트에 복사|Any CPU.Build.0 = Release|Any CPU
		{2BA16408-BC41-4D6A-9ACA-595257520DA8}.데모1사이트에 복사|x86.ActiveCfg = Debug|Any CPU
		{2BA16408-BC41-4D6A-9ACA-595257520DA8}.로컬 전체 컴파일|Any CPU.ActiveCfg = Release|Any CPU
		{2BA16408-BC41-4D6A-9ACA-595257520DA8}.로컬 전체 컴파일|Any CPU.Build.0 = Release|Any CPU
		{2BA16408-BC41-4D6A-9ACA-595257520DA8}.로컬 전체 컴파일|x86.ActiveCfg = Debug|Any CPU
		{2BA16408-BC41-4D6A-9ACA-595257520DA8}.웹서버용 전체 컴파일|Any CPU.ActiveCfg = Release|Any CPU
		{2BA16408-BC41-4D6A-9ACA-595257520DA8}.웹서버용 전체 컴파일|Any CPU.Build.0 = Release|Any CPU
		{2BA16408-BC41-4D6A-9ACA-595257520DA8}.웹서버용 전체 컴파일|x86.ActiveCfg = Debug|Any CPU
		{2BA16408-BC41-4D6A-9ACA-595257520DA8}.패치용|Any CPU.ActiveCfg = Release|Any CPU
		{2BA16408-BC41-4D6A-9ACA-595257520DA8}.패치용|Any CPU.Build.0 = Release|Any CPU
		{2BA16408-BC41-4D6A-9ACA-595257520DA8}.패치용|x86.ActiveCfg = Debug|Any CPU
		{3A88C58A-B16D-4E56-A98C-0D0B643B7D90}.Debug Remote|Any CPU.ActiveCfg = Debug|Any CPU
		{3A88C58A-B16D-4E56-A98C-0D0B643B7D90}.Debug Remote|Any CPU.Build.0 = Debug|Any CPU
		{3A88C58A-B16D-4E56-A98C-0D0B643B7D90}.Debug Remote|x86.ActiveCfg = Debug|Any CPU
		{3A88C58A-B16D-4E56-A98C-0D0B643B7D90}.Debug|Any CPU.ActiveCfg = Debug|Any CPU
		{3A88C58A-B16D-4E56-A98C-0D0B643B7D90}.Debug|Any CPU.Build.0 = Debug|Any CPU
		{3A88C58A-B16D-4E56-A98C-0D0B643B7D90}.Debug|x86.ActiveCfg = Debug|x86
		{3A88C58A-B16D-4E56-A98C-0D0B643B7D90}.Debug|x86.Build.0 = Debug|x86
		{3A88C58A-B16D-4E56-A98C-0D0B643B7D90}.Release|Any CPU.ActiveCfg = Release|Any CPU
		{3A88C58A-B16D-4E56-A98C-0D0B643B7D90}.Release|Any CPU.Build.0 = Release|Any CPU
		{3A88C58A-B16D-4E56-A98C-0D0B643B7D90}.Release|x86.ActiveCfg = Release|x86
		{3A88C58A-B16D-4E56-A98C-0D0B643B7D90}.Release|x86.Build.0 = Release|x86
		{3A88C58A-B16D-4E56-A98C-0D0B643B7D90}.Web Debug|Any CPU.ActiveCfg = Debug|Any CPU
		{3A88C58A-B16D-4E56-A98C-0D0B643B7D90}.Web Debug|Any CPU.Build.0 = Debug|Any CPU
		{3A88C58A-B16D-4E56-A98C-0D0B643B7D90}.Web Debug|x86.ActiveCfg = Debug|x86
		{3A88C58A-B16D-4E56-A98C-0D0B643B7D90}.Web Debug|x86.Build.0 = Debug|x86
		{3A88C58A-B16D-4E56-A98C-0D0B643B7D90}.데모1사이트에 복사|Any CPU.ActiveCfg = Release|Any CPU
		{3A88C58A-B16D-4E56-A98C-0D0B643B7D90}.데모1사이트에 복사|Any CPU.Build.0 = Release|Any CPU
		{3A88C58A-B16D-4E56-A98C-0D0B643B7D90}.데모1사이트에 복사|x86.ActiveCfg = Debug|Any CPU
		{3A88C58A-B16D-4E56-A98C-0D0B643B7D90}.로컬 전체 컴파일|Any CPU.ActiveCfg = Release|Any CPU
		{3A88C58A-B16D-4E56-A98C-0D0B643B7D90}.로컬 전체 컴파일|Any CPU.Build.0 = Release|Any CPU
		{3A88C58A-B16D-4E56-A98C-0D0B643B7D90}.로컬 전체 컴파일|x86.ActiveCfg = Debug|Any CPU
		{3A88C58A-B16D-4E56-A98C-0D0B643B7D90}.웹서버용 전체 컴파일|Any CPU.ActiveCfg = Release|Any CPU
		{3A88C58A-B16D-4E56-A98C-0D0B643B7D90}.웹서버용 전체 컴파일|Any CPU.Build.0 = Release|Any CPU
		{3A88C58A-B16D-4E56-A98C-0D0B643B7D90}.웹서버용 전체 컴파일|x86.ActiveCfg = Debug|Any CPU
		{3A88C58A-B16D-4E56-A98C-0D0B643B7D90}.패치용|Any CPU.ActiveCfg = Release|Any CPU
		{3A88C58A-B16D-4E56-A98C-0D0B643B7D90}.패치용|Any CPU.Build.0 = Release|Any CPU
		{3A88C58A-B16D-4E56-A98C-0D0B643B7D90}.패치용|x86.ActiveCfg = Debug|Any CPU
		{56B44118-0DCF-4EFA-B60C-496AD58C65A7}.Debug Remote|Any CPU.ActiveCfg = Debug|Any CPU
		{56B44118-0DCF-4EFA-B60C-496AD58C65A7}.Debug Remote|Any CPU.Build.0 = Debug|Any CPU
		{56B44118-0DCF-4EFA-B60C-496AD58C65A7}.Debug Remote|x86.ActiveCfg = Debug|Any CPU
		{56B44118-0DCF-4EFA-B60C-496AD58C65A7}.Debug|Any CPU.ActiveCfg = Debug|Any CPU
		{56B44118-0DCF-4EFA-B60C-496AD58C65A7}.Debug|Any CPU.Build.0 = Debug|Any CPU
		{56B44118-0DCF-4EFA-B60C-496AD58C65A7}.Debug|x86.ActiveCfg = Debug|x86
		{56B44118-0DCF-4EFA-B60C-496AD58C65A7}.Debug|x86.Build.0 = Debug|x86
		{56B44118-0DCF-4EFA-B60C-496AD58C65A7}.Release|Any CPU.ActiveCfg = Release|Any CPU
		{56B44118-0DCF-4EFA-B60C-496AD58C65A7}.Release|Any CPU.Build.0 = Release|Any CPU
		{56B44118-0DCF-4EFA-B60C-496AD58C65A7}.Release|x86.ActiveCfg = Release|x86
		{56B44118-0DCF-4EFA-B60C-496AD58C65A7}.Release|x86.Build.0 = Release|x86
		{56B44118-0DCF-4EFA-B60C-496AD58C65A7}.Web Debug|Any CPU.ActiveCfg = Debug|Any CPU
		{56B44118-0DCF-4EFA-B60C-496AD58C65A7}.Web Debug|Any CPU.Build.0 = Debug|Any CPU
		{56B44118-0DCF-4EFA-B60C-496AD58C65A7}.Web Debug|x86.ActiveCfg = Debug|x86
		{56B44118-0DCF-4EFA-B60C-496AD58C65A7}.Web Debug|x86.Build.0 = Debug|x86
		{56B44118-0DCF-4EFA-B60C-496AD58C65A7}.데모1사이트에 복사|Any CPU.ActiveCfg = Release|Any CPU
		{56B44118-0DCF-4EFA-B60C-496AD58C65A7}.데모1사이트에 복사|Any CPU.Build.0 = Release|Any CPU
		{56B44118-0DCF-4EFA-B60C-496AD58C65A7}.데모1사이트에 복사|x86.ActiveCfg = Release|x86
		{56B44118-0DCF-4EFA-B60C-496AD58C65A7}.데모1사이트에 복사|x86.Build.0 = Release|x86
		{56B44118-0DCF-4EFA-B60C-496AD58C65A7}.로컬 전체 컴파일|Any CPU.ActiveCfg = Release|Any CPU
		{56B44118-0DCF-4EFA-B60C-496AD58C65A7}.로컬 전체 컴파일|Any CPU.Build.0 = Release|Any CPU
		{56B44118-0DCF-4EFA-B60C-496AD58C65A7}.로컬 전체 컴파일|x86.ActiveCfg = Release|x86
		{56B44118-0DCF-4EFA-B60C-496AD58C65A7}.로컬 전체 컴파일|x86.Build.0 = Release|x86
		{56B44118-0DCF-4EFA-B60C-496AD58C65A7}.웹서버용 전체 컴파일|Any CPU.ActiveCfg = Release|Any CPU
		{56B44118-0DCF-4EFA-B60C-496AD58C65A7}.웹서버용 전체 컴파일|Any CPU.Build.0 = Release|Any CPU
		{56B44118-0DCF-4EFA-B60C-496AD58C65A7}.웹서버용 전체 컴파일|x86.ActiveCfg = Release|x86
		{56B44118-0DCF-4EFA-B60C-496AD58C65A7}.웹서버용 전체 컴파일|x86.Build.0 = Release|x86
		{56B44118-0DCF-4EFA-B60C-496AD58C65A7}.패치용|Any CPU.ActiveCfg = Release|Any CPU
		{56B44118-0DCF-4EFA-B60C-496AD58C65A7}.패치용|Any CPU.Build.0 = Release|Any CPU
		{56B44118-0DCF-4EFA-B60C-496AD58C65A7}.패치용|x86.ActiveCfg = Release|x86
		{56B44118-0DCF-4EFA-B60C-496AD58C65A7}.패치용|x86.Build.0 = Release|x86
		{8CF67796-8F02-4B07-BCD0-CB81425B5DDA}.Debug Remote|Any CPU.ActiveCfg = Debug|Any CPU
		{8CF67796-8F02-4B07-BCD0-CB81425B5DDA}.Debug Remote|Any CPU.Build.0 = Debug|Any CPU
		{8CF67796-8F02-4B07-BCD0-CB81425B5DDA}.Debug Remote|x86.ActiveCfg = Debug|x86
		{8CF67796-8F02-4B07-BCD0-CB81425B5DDA}.Debug Remote|x86.Build.0 = Debug|x86
		{8CF67796-8F02-4B07-BCD0-CB81425B5DDA}.Debug|Any CPU.ActiveCfg = Debug|Any CPU
		{8CF67796-8F02-4B07-BCD0-CB81425B5DDA}.Debug|Any CPU.Build.0 = Debug|Any CPU
		{8CF67796-8F02-4B07-BCD0-CB81425B5DDA}.Debug|x86.ActiveCfg = Debug|x86
		{8CF67796-8F02-4B07-BCD0-CB81425B5DDA}.Debug|x86.Build.0 = Debug|x86
		{8CF67796-8F02-4B07-BCD0-CB81425B5DDA}.Release|Any CPU.ActiveCfg = Release|Any CPU
		{8CF67796-8F02-4B07-BCD0-CB81425B5DDA}.Release|Any CPU.Build.0 = Release|Any CPU
		{8CF67796-8F02-4B07-BCD0-CB81425B5DDA}.Release|x86.ActiveCfg = Release|x86
		{8CF67796-8F02-4B07-BCD0-CB81425B5DDA}.Release|x86.Build.0 = Release|x86
		{8CF67796-8F02-4B07-BCD0-CB81425B5DDA}.Web Debug|Any CPU.ActiveCfg = Debug|Any CPU
		{8CF67796-8F02-4B07-BCD0-CB81425B5DDA}.Web Debug|Any CPU.Build.0 = Debug|Any CPU
		{8CF67796-8F02-4B07-BCD0-CB81425B5DDA}.Web Debug|x86.ActiveCfg = Debug|x86
		{8CF67796-8F02-4B07-BCD0-CB81425B5DDA}.Web Debug|x86.Build.0 = Debug|x86
		{8CF67796-8F02-4B07-BCD0-CB81425B5DDA}.데모1사이트에 복사|Any CPU.ActiveCfg = Release|Any CPU
		{8CF67796-8F02-4B07-BCD0-CB81425B5DDA}.데모1사이트에 복사|Any CPU.Build.0 = Release|Any CPU
		{8CF67796-8F02-4B07-BCD0-CB81425B5DDA}.데모1사이트에 복사|x86.ActiveCfg = Release|x86
		{8CF67796-8F02-4B07-BCD0-CB81425B5DDA}.데모1사이트에 복사|x86.Build.0 = Release|x86
		{8CF67796-8F02-4B07-BCD0-CB81425B5DDA}.로컬 전체 컴파일|Any CPU.ActiveCfg = Release|Any CPU
		{8CF67796-8F02-4B07-BCD0-CB81425B5DDA}.로컬 전체 컴파일|Any CPU.Build.0 = Release|Any CPU
		{8CF67796-8F02-4B07-BCD0-CB81425B5DDA}.로컬 전체 컴파일|x86.ActiveCfg = Release|x86
		{8CF67796-8F02-4B07-BCD0-CB81425B5DDA}.로컬 전체 컴파일|x86.Build.0 = Release|x86
		{8CF67796-8F02-4B07-BCD0-CB81425B5DDA}.웹서버용 전체 컴파일|Any CPU.ActiveCfg = Release|Any CPU
		{8CF67796-8F02-4B07-BCD0-CB81425B5DDA}.웹서버용 전체 컴파일|Any CPU.Build.0 = Release|Any CPU
		{8CF67796-8F02-4B07-BCD0-CB81425B5DDA}.웹서버용 전체 컴파일|x86.ActiveCfg = Release|x86
		{8CF67796-8F02-4B07-BCD0-CB81425B5DDA}.웹서버용 전체 컴파일|x86.Build.0 = Release|x86
		{8CF67796-8F02-4B07-BCD0-CB81425B5DDA}.패치용|Any CPU.ActiveCfg = Release|Any CPU
		{8CF67796-8F02-4B07-BCD0-CB81425B5DDA}.패치용|Any CPU.Build.0 = Release|Any CPU
		{8CF67796-8F02-4B07-BCD0-CB81425B5DDA}.패치용|x86.ActiveCfg = Release|x86
		{8CF67796-8F02-4B07-BCD0-CB81425B5DDA}.패치용|x86.Build.0 = Release|x86
		{3531D1AC-9CDB-4BD3-9EB0-97EA9300751F}.Debug Remote|Any CPU.ActiveCfg = Debug|Any CPU
		{3531D1AC-9CDB-4BD3-9EB0-97EA9300751F}.Debug Remote|Any CPU.Build.0 = Debug|Any CPU
		{3531D1AC-9CDB-4BD3-9EB0-97EA9300751F}.Debug Remote|x86.ActiveCfg = Debug|Any CPU
		{3531D1AC-9CDB-4BD3-9EB0-97EA9300751F}.Debug|Any CPU.ActiveCfg = Debug|Any CPU
		{3531D1AC-9CDB-4BD3-9EB0-97EA9300751F}.Debug|Any CPU.Build.0 = Debug|Any CPU
		{3531D1AC-9CDB-4BD3-9EB0-97EA9300751F}.Debug|x86.ActiveCfg = Debug|x86
		{3531D1AC-9CDB-4BD3-9EB0-97EA9300751F}.Debug|x86.Build.0 = Debug|x86
		{3531D1AC-9CDB-4BD3-9EB0-97EA9300751F}.Release|Any CPU.ActiveCfg = Release|Any CPU
		{3531D1AC-9CDB-4BD3-9EB0-97EA9300751F}.Release|Any CPU.Build.0 = Release|Any CPU
		{3531D1AC-9CDB-4BD3-9EB0-97EA9300751F}.Release|x86.ActiveCfg = Release|x86
		{3531D1AC-9CDB-4BD3-9EB0-97EA9300751F}.Release|x86.Build.0 = Release|x86
		{3531D1AC-9CDB-4BD3-9EB0-97EA9300751F}.Web Debug|Any CPU.ActiveCfg = Debug|Any CPU
		{3531D1AC-9CDB-4BD3-9EB0-97EA9300751F}.Web Debug|Any CPU.Build.0 = Debug|Any CPU
		{3531D1AC-9CDB-4BD3-9EB0-97EA9300751F}.Web Debug|x86.ActiveCfg = Debug|x86
		{3531D1AC-9CDB-4BD3-9EB0-97EA9300751F}.Web Debug|x86.Build.0 = Debug|x86
		{3531D1AC-9CDB-4BD3-9EB0-97EA9300751F}.데모1사이트에 복사|Any CPU.ActiveCfg = Release|Any CPU
		{3531D1AC-9CDB-4BD3-9EB0-97EA9300751F}.데모1사이트에 복사|Any CPU.Build.0 = Release|Any CPU
		{3531D1AC-9CDB-4BD3-9EB0-97EA9300751F}.데모1사이트에 복사|x86.ActiveCfg = Debug|Any CPU
		{3531D1AC-9CDB-4BD3-9EB0-97EA9300751F}.로컬 전체 컴파일|Any CPU.ActiveCfg = Release|Any CPU
		{3531D1AC-9CDB-4BD3-9EB0-97EA9300751F}.로컬 전체 컴파일|Any CPU.Build.0 = Release|Any CPU
		{3531D1AC-9CDB-4BD3-9EB0-97EA9300751F}.로컬 전체 컴파일|x86.ActiveCfg = Debug|Any CPU
		{3531D1AC-9CDB-4BD3-9EB0-97EA9300751F}.웹서버용 전체 컴파일|Any CPU.ActiveCfg = Release|Any CPU
		{3531D1AC-9CDB-4BD3-9EB0-97EA9300751F}.웹서버용 전체 컴파일|Any CPU.Build.0 = Release|Any CPU
		{3531D1AC-9CDB-4BD3-9EB0-97EA9300751F}.웹서버용 전체 컴파일|x86.ActiveCfg = Debug|Any CPU
		{3531D1AC-9CDB-4BD3-9EB0-97EA9300751F}.패치용|Any CPU.ActiveCfg = Release|Any CPU
		{3531D1AC-9CDB-4BD3-9EB0-97EA9300751F}.패치용|Any CPU.Build.0 = Release|Any CPU
		{3531D1AC-9CDB-4BD3-9EB0-97EA9300751F}.패치용|x86.ActiveCfg = Debug|Any CPU
		{6E0B046D-EC82-46DC-95FC-2F46FDC17F15}.Debug Remote|Any CPU.ActiveCfg = Debug|Any CPU
		{6E0B046D-EC82-46DC-95FC-2F46FDC17F15}.Debug Remote|Any CPU.Build.0 = Debug|Any CPU
		{6E0B046D-EC82-46DC-95FC-2F46FDC17F15}.Debug Remote|x86.ActiveCfg = Debug|Any CPU
		{6E0B046D-EC82-46DC-95FC-2F46FDC17F15}.Debug|Any CPU.ActiveCfg = Debug|Any CPU
		{6E0B046D-EC82-46DC-95FC-2F46FDC17F15}.Debug|Any CPU.Build.0 = Debug|Any CPU
		{6E0B046D-EC82-46DC-95FC-2F46FDC17F15}.Debug|x86.ActiveCfg = Debug|x86
		{6E0B046D-EC82-46DC-95FC-2F46FDC17F15}.Debug|x86.Build.0 = Debug|x86
		{6E0B046D-EC82-46DC-95FC-2F46FDC17F15}.Release|Any CPU.ActiveCfg = Release|Any CPU
		{6E0B046D-EC82-46DC-95FC-2F46FDC17F15}.Release|Any CPU.Build.0 = Release|Any CPU
		{6E0B046D-EC82-46DC-95FC-2F46FDC17F15}.Release|x86.ActiveCfg = Release|x86
		{6E0B046D-EC82-46DC-95FC-2F46FDC17F15}.Release|x86.Build.0 = Release|x86
		{6E0B046D-EC82-46DC-95FC-2F46FDC17F15}.Web Debug|Any CPU.ActiveCfg = Debug|Any CPU
		{6E0B046D-EC82-46DC-95FC-2F46FDC17F15}.Web Debug|Any CPU.Build.0 = Debug|Any CPU
		{6E0B046D-EC82-46DC-95FC-2F46FDC17F15}.Web Debug|x86.ActiveCfg = Debug|x86
		{6E0B046D-EC82-46DC-95FC-2F46FDC17F15}.Web Debug|x86.Build.0 = Debug|x86
		{6E0B046D-EC82-46DC-95FC-2F46FDC17F15}.데모1사이트에 복사|Any CPU.ActiveCfg = Release|Any CPU
		{6E0B046D-EC82-46DC-95FC-2F46FDC17F15}.데모1사이트에 복사|Any CPU.Build.0 = Release|Any CPU
		{6E0B046D-EC82-46DC-95FC-2F46FDC17F15}.데모1사이트에 복사|x86.ActiveCfg = Debug|Any CPU
		{6E0B046D-EC82-46DC-95FC-2F46FDC17F15}.로컬 전체 컴파일|Any CPU.ActiveCfg = Release|Any CPU
		{6E0B046D-EC82-46DC-95FC-2F46FDC17F15}.로컬 전체 컴파일|Any CPU.Build.0 = Release|Any CPU
		{6E0B046D-EC82-46DC-95FC-2F46FDC17F15}.로컬 전체 컴파일|x86.ActiveCfg = Debug|Any CPU
		{6E0B046D-EC82-46DC-95FC-2F46FDC17F15}.웹서버용 전체 컴파일|Any CPU.ActiveCfg = Release|Any CPU
		{6E0B046D-EC82-46DC-95FC-2F46FDC17F15}.웹서버용 전체 컴파일|Any CPU.Build.0 = Release|Any CPU
		{6E0B046D-EC82-46DC-95FC-2F46FDC17F15}.웹서버용 전체 컴파일|x86.ActiveCfg = Debug|Any CPU
		{6E0B046D-EC82-46DC-95FC-2F46FDC17F15}.패치용|Any CPU.ActiveCfg = Release|Any CPU
		{6E0B046D-EC82-46DC-95FC-2F46FDC17F15}.패치용|Any CPU.Build.0 = Release|Any CPU
		{6E0B046D-EC82-46DC-95FC-2F46FDC17F15}.패치용|x86.ActiveCfg = Debug|Any CPU
		{3D64FFB2-2E36-4A7D-AB86-F1F967FFAB8F}.Debug Remote|Any CPU.ActiveCfg = Debug|Any CPU
		{3D64FFB2-2E36-4A7D-AB86-F1F967FFAB8F}.Debug Remote|Any CPU.Build.0 = Debug|Any CPU
		{3D64FFB2-2E36-4A7D-AB86-F1F967FFAB8F}.Debug Remote|x86.ActiveCfg = Debug|Any CPU
		{3D64FFB2-2E36-4A7D-AB86-F1F967FFAB8F}.Debug|Any CPU.ActiveCfg = Debug|Any CPU
		{3D64FFB2-2E36-4A7D-AB86-F1F967FFAB8F}.Debug|Any CPU.Build.0 = Debug|Any CPU
		{3D64FFB2-2E36-4A7D-AB86-F1F967FFAB8F}.Debug|x86.ActiveCfg = Debug|x86
		{3D64FFB2-2E36-4A7D-AB86-F1F967FFAB8F}.Debug|x86.Build.0 = Debug|x86
		{3D64FFB2-2E36-4A7D-AB86-F1F967FFAB8F}.Release|Any CPU.ActiveCfg = Release|Any CPU
		{3D64FFB2-2E36-4A7D-AB86-F1F967FFAB8F}.Release|Any CPU.Build.0 = Release|Any CPU
		{3D64FFB2-2E36-4A7D-AB86-F1F967FFAB8F}.Release|x86.ActiveCfg = Release|x86
		{3D64FFB2-2E36-4A7D-AB86-F1F967FFAB8F}.Release|x86.Build.0 = Release|x86
		{3D64FFB2-2E36-4A7D-AB86-F1F967FFAB8F}.Web Debug|Any CPU.ActiveCfg = Debug|Any CPU
		{3D64FFB2-2E36-4A7D-AB86-F1F967FFAB8F}.Web Debug|Any CPU.Build.0 = Debug|Any CPU
		{3D64FFB2-2E36-4A7D-AB86-F1F967FFAB8F}.Web Debug|x86.ActiveCfg = Debug|x86
		{3D64FFB2-2E36-4A7D-AB86-F1F967FFAB8F}.Web Debug|x86.Build.0 = Debug|x86
		{3D64FFB2-2E36-4A7D-AB86-F1F967FFAB8F}.데모1사이트에 복사|Any CPU.ActiveCfg = Release|Any CPU
		{3D64FFB2-2E36-4A7D-AB86-F1F967FFAB8F}.데모1사이트에 복사|Any CPU.Build.0 = Release|Any CPU
		{3D64FFB2-2E36-4A7D-AB86-F1F967FFAB8F}.데모1사이트에 복사|x86.ActiveCfg = Debug|Any CPU
		{3D64FFB2-2E36-4A7D-AB86-F1F967FFAB8F}.로컬 전체 컴파일|Any CPU.ActiveCfg = Release|Any CPU
		{3D64FFB2-2E36-4A7D-AB86-F1F967FFAB8F}.로컬 전체 컴파일|Any CPU.Build.0 = Release|Any CPU
		{3D64FFB2-2E36-4A7D-AB86-F1F967FFAB8F}.로컬 전체 컴파일|x86.ActiveCfg = Debug|Any CPU
		{3D64FFB2-2E36-4A7D-AB86-F1F967FFAB8F}.웹서버용 전체 컴파일|Any CPU.ActiveCfg = Release|Any CPU
		{3D64FFB2-2E36-4A7D-AB86-F1F967FFAB8F}.웹서버용 전체 컴파일|Any CPU.Build.0 = Release|Any CPU
		{3D64FFB2-2E36-4A7D-AB86-F1F967FFAB8F}.웹서버용 전체 컴파일|x86.ActiveCfg = Debug|Any CPU
		{3D64FFB2-2E36-4A7D-AB86-F1F967FFAB8F}.패치용|Any CPU.ActiveCfg = Release|Any CPU
		{3D64FFB2-2E36-4A7D-AB86-F1F967FFAB8F}.패치용|Any CPU.Build.0 = Release|Any CPU
		{3D64FFB2-2E36-4A7D-AB86-F1F967FFAB8F}.패치용|x86.ActiveCfg = Debug|Any CPU
		{6B5954E6-5089-4209-8992-0187A564FAE9}.Debug Remote|Any CPU.ActiveCfg = Debug|Any CPU
		{6B5954E6-5089-4209-8992-0187A564FAE9}.Debug Remote|Any CPU.Build.0 = Debug|Any CPU
		{6B5954E6-5089-4209-8992-0187A564FAE9}.Debug Remote|x86.ActiveCfg = Debug|Any CPU
		{6B5954E6-5089-4209-8992-0187A564FAE9}.Debug|Any CPU.ActiveCfg = Debug|Any CPU
		{6B5954E6-5089-4209-8992-0187A564FAE9}.Debug|Any CPU.Build.0 = Debug|Any CPU
		{6B5954E6-5089-4209-8992-0187A564FAE9}.Debug|x86.ActiveCfg = Debug|x86
		{6B5954E6-5089-4209-8992-0187A564FAE9}.Debug|x86.Build.0 = Debug|x86
		{6B5954E6-5089-4209-8992-0187A564FAE9}.Release|Any CPU.ActiveCfg = Release|Any CPU
		{6B5954E6-5089-4209-8992-0187A564FAE9}.Release|Any CPU.Build.0 = Release|Any CPU
		{6B5954E6-5089-4209-8992-0187A564FAE9}.Release|x86.ActiveCfg = Release|x86
		{6B5954E6-5089-4209-8992-0187A564FAE9}.Release|x86.Build.0 = Release|x86
		{6B5954E6-5089-4209-8992-0187A564FAE9}.Web Debug|Any CPU.ActiveCfg = Debug|Any CPU
		{6B5954E6-5089-4209-8992-0187A564FAE9}.Web Debug|Any CPU.Build.0 = Debug|Any CPU
		{6B5954E6-5089-4209-8992-0187A564FAE9}.Web Debug|x86.ActiveCfg = Debug|x86
		{6B5954E6-5089-4209-8992-0187A564FAE9}.Web Debug|x86.Build.0 = Debug|x86
		{6B5954E6-5089-4209-8992-0187A564FAE9}.데모1사이트에 복사|Any CPU.ActiveCfg = Release|Any CPU
		{6B5954E6-5089-4209-8992-0187A564FAE9}.데모1사이트에 복사|Any CPU.Build.0 = Release|Any CPU
		{6B5954E6-5089-4209-8992-0187A564FAE9}.데모1사이트에 복사|x86.ActiveCfg = Debug|Any CPU
		{6B5954E6-5089-4209-8992-0187A564FAE9}.로컬 전체 컴파일|Any CPU.ActiveCfg = Release|Any CPU
		{6B5954E6-5089-4209-8992-0187A564FAE9}.로컬 전체 컴파일|Any CPU.Build.0 = Release|Any CPU
		{6B5954E6-5089-4209-8992-0187A564FAE9}.로컬 전체 컴파일|x86.ActiveCfg = Debug|Any CPU
		{6B5954E6-5089-4209-8992-0187A564FAE9}.웹서버용 전체 컴파일|Any CPU.ActiveCfg = Release|Any CPU
		{6B5954E6-5089-4209-8992-0187A564FAE9}.웹서버용 전체 컴파일|Any CPU.Build.0 = Release|Any CPU
		{6B5954E6-5089-4209-8992-0187A564FAE9}.웹서버용 전체 컴파일|x86.ActiveCfg = Debug|Any CPU
		{6B5954E6-5089-4209-8992-0187A564FAE9}.패치용|Any CPU.ActiveCfg = Release|Any CPU
		{6B5954E6-5089-4209-8992-0187A564FAE9}.패치용|Any CPU.Build.0 = Release|Any CPU
		{6B5954E6-5089-4209-8992-0187A564FAE9}.패치용|x86.ActiveCfg = Debug|Any CPU
		{62082BA2-BFE1-4830-B552-BB76C2AD1D00}.Debug Remote|Any CPU.ActiveCfg = Debug|Any CPU
		{62082BA2-BFE1-4830-B552-BB76C2AD1D00}.Debug Remote|Any CPU.Build.0 = Debug|Any CPU
		{62082BA2-BFE1-4830-B552-BB76C2AD1D00}.Debug Remote|x86.ActiveCfg = Debug|Any CPU
		{62082BA2-BFE1-4830-B552-BB76C2AD1D00}.Debug|Any CPU.ActiveCfg = Debug|Any CPU
		{62082BA2-BFE1-4830-B552-BB76C2AD1D00}.Debug|Any CPU.Build.0 = Debug|Any CPU
		{62082BA2-BFE1-4830-B552-BB76C2AD1D00}.Debug|x86.ActiveCfg = Debug|x86
		{62082BA2-BFE1-4830-B552-BB76C2AD1D00}.Debug|x86.Build.0 = Debug|x86
		{62082BA2-BFE1-4830-B552-BB76C2AD1D00}.Release|Any CPU.ActiveCfg = Release|Any CPU
		{62082BA2-BFE1-4830-B552-BB76C2AD1D00}.Release|Any CPU.Build.0 = Release|Any CPU
		{62082BA2-BFE1-4830-B552-BB76C2AD1D00}.Release|x86.ActiveCfg = Release|x86
		{62082BA2-BFE1-4830-B552-BB76C2AD1D00}.Release|x86.Build.0 = Release|x86
		{62082BA2-BFE1-4830-B552-BB76C2AD1D00}.Web Debug|Any CPU.ActiveCfg = Debug|Any CPU
		{62082BA2-BFE1-4830-B552-BB76C2AD1D00}.Web Debug|Any CPU.Build.0 = Debug|Any CPU
		{62082BA2-BFE1-4830-B552-BB76C2AD1D00}.Web Debug|x86.ActiveCfg = Debug|x86
		{62082BA2-BFE1-4830-B552-BB76C2AD1D00}.Web Debug|x86.Build.0 = Debug|x86
		{62082BA2-BFE1-4830-B552-BB76C2AD1D00}.데모1사이트에 복사|Any CPU.ActiveCfg = Release|Any CPU
		{62082BA2-BFE1-4830-B552-BB76C2AD1D00}.데모1사이트에 복사|Any CPU.Build.0 = Release|Any CPU
		{62082BA2-BFE1-4830-B552-BB76C2AD1D00}.데모1사이트에 복사|x86.ActiveCfg = Debug|Any CPU
		{62082BA2-BFE1-4830-B552-BB76C2AD1D00}.로컬 전체 컴파일|Any CPU.ActiveCfg = Release|Any CPU
		{62082BA2-BFE1-4830-B552-BB76C2AD1D00}.로컬 전체 컴파일|Any CPU.Build.0 = Release|Any CPU
		{62082BA2-BFE1-4830-B552-BB76C2AD1D00}.로컬 전체 컴파일|x86.ActiveCfg = Debug|Any CPU
		{62082BA2-BFE1-4830-B552-BB76C2AD1D00}.웹서버용 전체 컴파일|Any CPU.ActiveCfg = Release|Any CPU
		{62082BA2-BFE1-4830-B552-BB76C2AD1D00}.웹서버용 전체 컴파일|Any CPU.Build.0 = Release|Any CPU
		{62082BA2-BFE1-4830-B552-BB76C2AD1D00}.웹서버용 전체 컴파일|x86.ActiveCfg = Debug|Any CPU
		{62082BA2-BFE1-4830-B552-BB76C2AD1D00}.패치용|Any CPU.ActiveCfg = Release|Any CPU
		{62082BA2-BFE1-4830-B552-BB76C2AD1D00}.패치용|Any CPU.Build.0 = Release|Any CPU
		{62082BA2-BFE1-4830-B552-BB76C2AD1D00}.패치용|x86.ActiveCfg = Debug|Any CPU
		{7701005B-A550-4AF1-915A-99F1FE674C01}.Debug Remote|Any CPU.ActiveCfg = Debug|Any CPU
		{7701005B-A550-4AF1-915A-99F1FE674C01}.Debug Remote|Any CPU.Build.0 = Debug|Any CPU
		{7701005B-A550-4AF1-915A-99F1FE674C01}.Debug Remote|x86.ActiveCfg = Debug|x86
		{7701005B-A550-4AF1-915A-99F1FE674C01}.Debug Remote|x86.Build.0 = Debug|x86
		{7701005B-A550-4AF1-915A-99F1FE674C01}.Debug|Any CPU.ActiveCfg = Debug|Any CPU
		{7701005B-A550-4AF1-915A-99F1FE674C01}.Debug|Any CPU.Build.0 = Debug|Any CPU
		{7701005B-A550-4AF1-915A-99F1FE674C01}.Debug|x86.ActiveCfg = Debug|x86
		{7701005B-A550-4AF1-915A-99F1FE674C01}.Debug|x86.Build.0 = Debug|x86
		{7701005B-A550-4AF1-915A-99F1FE674C01}.Release|Any CPU.ActiveCfg = Release|Any CPU
		{7701005B-A550-4AF1-915A-99F1FE674C01}.Release|Any CPU.Build.0 = Release|Any CPU
		{7701005B-A550-4AF1-915A-99F1FE674C01}.Release|x86.ActiveCfg = Release|x86
		{7701005B-A550-4AF1-915A-99F1FE674C01}.Release|x86.Build.0 = Release|x86
		{7701005B-A550-4AF1-915A-99F1FE674C01}.Web Debug|Any CPU.ActiveCfg = Debug|Any CPU
		{7701005B-A550-4AF1-915A-99F1FE674C01}.Web Debug|Any CPU.Build.0 = Debug|Any CPU
		{7701005B-A550-4AF1-915A-99F1FE674C01}.Web Debug|x86.ActiveCfg = Debug|x86
		{7701005B-A550-4AF1-915A-99F1FE674C01}.Web Debug|x86.Build.0 = Debug|x86
		{7701005B-A550-4AF1-915A-99F1FE674C01}.데모1사이트에 복사|Any CPU.ActiveCfg = Release|Any CPU
		{7701005B-A550-4AF1-915A-99F1FE674C01}.데모1사이트에 복사|Any CPU.Build.0 = Release|Any CPU
		{7701005B-A550-4AF1-915A-99F1FE674C01}.데모1사이트에 복사|x86.ActiveCfg = Release|x86
		{7701005B-A550-4AF1-915A-99F1FE674C01}.데모1사이트에 복사|x86.Build.0 = Release|x86
		{7701005B-A550-4AF1-915A-99F1FE674C01}.로컬 전체 컴파일|Any CPU.ActiveCfg = Release|Any CPU
		{7701005B-A550-4AF1-915A-99F1FE674C01}.로컬 전체 컴파일|Any CPU.Build.0 = Release|Any CPU
		{7701005B-A550-4AF1-915A-99F1FE674C01}.로컬 전체 컴파일|x86.ActiveCfg = Release|x86
		{7701005B-A550-4AF1-915A-99F1FE674C01}.로컬 전체 컴파일|x86.Build.0 = Release|x86
		{7701005B-A550-4AF1-915A-99F1FE674C01}.웹서버용 전체 컴파일|Any CPU.ActiveCfg = Release|Any CPU
		{7701005B-A550-4AF1-915A-99F1FE674C01}.웹서버용 전체 컴파일|Any CPU.Build.0 = Release|Any CPU
		{7701005B-A550-4AF1-915A-99F1FE674C01}.웹서버용 전체 컴파일|x86.ActiveCfg = Release|x86
		{7701005B-A550-4AF1-915A-99F1FE674C01}.웹서버용 전체 컴파일|x86.Build.0 = Release|x86
		{7701005B-A550-4AF1-915A-99F1FE674C01}.패치용|Any CPU.ActiveCfg = Release|Any CPU
		{7701005B-A550-4AF1-915A-99F1FE674C01}.패치용|Any CPU.Build.0 = Release|Any CPU
		{7701005B-A550-4AF1-915A-99F1FE674C01}.패치용|x86.ActiveCfg = Release|x86
		{7701005B-A550-4AF1-915A-99F1FE674C01}.패치용|x86.Build.0 = Release|x86
		{F72DF021-6FDB-416C-99EF-59DBC15D378B}.Debug Remote|Any CPU.ActiveCfg = Debug Remote|Any CPU
		{F72DF021-6FDB-416C-99EF-59DBC15D378B}.Debug Remote|Any CPU.Build.0 = Debug Remote|Any CPU
		{F72DF021-6FDB-416C-99EF-59DBC15D378B}.Debug Remote|x86.ActiveCfg = Debug Remote|x86
		{F72DF021-6FDB-416C-99EF-59DBC15D378B}.Debug Remote|x86.Build.0 = Debug Remote|x86
		{F72DF021-6FDB-416C-99EF-59DBC15D378B}.Debug|Any CPU.ActiveCfg = Debug|Any CPU
		{F72DF021-6FDB-416C-99EF-59DBC15D378B}.Debug|Any CPU.Build.0 = Debug|Any CPU
		{F72DF021-6FDB-416C-99EF-59DBC15D378B}.Debug|x86.ActiveCfg = Debug|x86
		{F72DF021-6FDB-416C-99EF-59DBC15D378B}.Debug|x86.Build.0 = Debug|x86
		{F72DF021-6FDB-416C-99EF-59DBC15D378B}.Release|Any CPU.ActiveCfg = Release|Any CPU
		{F72DF021-6FDB-416C-99EF-59DBC15D378B}.Release|Any CPU.Build.0 = Release|Any CPU
		{F72DF021-6FDB-416C-99EF-59DBC15D378B}.Release|x86.ActiveCfg = Release|x86
		{F72DF021-6FDB-416C-99EF-59DBC15D378B}.Release|x86.Build.0 = Release|x86
		{F72DF021-6FDB-416C-99EF-59DBC15D378B}.Web Debug|Any CPU.ActiveCfg = Debug|Any CPU
		{F72DF021-6FDB-416C-99EF-59DBC15D378B}.Web Debug|Any CPU.Build.0 = Debug|Any CPU
		{F72DF021-6FDB-416C-99EF-59DBC15D378B}.Web Debug|x86.ActiveCfg = Debug|x86
		{F72DF021-6FDB-416C-99EF-59DBC15D378B}.Web Debug|x86.Build.0 = Debug|x86
		{F72DF021-6FDB-416C-99EF-59DBC15D378B}.데모1사이트에 복사|Any CPU.ActiveCfg = Debug|Any CPU
		{F72DF021-6FDB-416C-99EF-59DBC15D378B}.데모1사이트에 복사|Any CPU.Build.0 = Debug|Any CPU
		{F72DF021-6FDB-416C-99EF-59DBC15D378B}.데모1사이트에 복사|x86.ActiveCfg = Debug|Any CPU
		{F72DF021-6FDB-416C-99EF-59DBC15D378B}.로컬 전체 컴파일|Any CPU.ActiveCfg = 로컬 전체 컴파일|Any CPU
		{F72DF021-6FDB-416C-99EF-59DBC15D378B}.로컬 전체 컴파일|Any CPU.Build.0 = 로컬 전체 컴파일|Any CPU
		{F72DF021-6FDB-416C-99EF-59DBC15D378B}.로컬 전체 컴파일|x86.ActiveCfg = 로컬 전체 컴파일|x86
		{F72DF021-6FDB-416C-99EF-59DBC15D378B}.로컬 전체 컴파일|x86.Build.0 = 로컬 전체 컴파일|x86
		{F72DF021-6FDB-416C-99EF-59DBC15D378B}.웹서버용 전체 컴파일|Any CPU.ActiveCfg = Debug|Any CPU
		{F72DF021-6FDB-416C-99EF-59DBC15D378B}.웹서버용 전체 컴파일|Any CPU.Build.0 = Debug|Any CPU
		{F72DF021-6FDB-416C-99EF-59DBC15D378B}.웹서버용 전체 컴파일|x86.ActiveCfg = Debug|Any CPU
		{F72DF021-6FDB-416C-99EF-59DBC15D378B}.패치용|Any CPU.ActiveCfg = 패치용|Any CPU
		{F72DF021-6FDB-416C-99EF-59DBC15D378B}.패치용|Any CPU.Build.0 = 패치용|Any CPU
		{F72DF021-6FDB-416C-99EF-59DBC15D378B}.패치용|x86.ActiveCfg = 패치용|x86
		{F72DF021-6FDB-416C-99EF-59DBC15D378B}.패치용|x86.Build.0 = 패치용|x86
		{399B1025-DA67-49E4-8C5C-89F42E98A041}.Debug Remote|Any CPU.ActiveCfg = Debug|Any CPU
		{399B1025-DA67-49E4-8C5C-89F42E98A041}.Debug Remote|Any CPU.Build.0 = Debug|Any CPU
		{399B1025-DA67-49E4-8C5C-89F42E98A041}.Debug Remote|x86.ActiveCfg = Debug|Any CPU
		{399B1025-DA67-49E4-8C5C-89F42E98A041}.Debug|Any CPU.ActiveCfg = Debug|Any CPU
		{399B1025-DA67-49E4-8C5C-89F42E98A041}.Debug|Any CPU.Build.0 = Debug|Any CPU
		{399B1025-DA67-49E4-8C5C-89F42E98A041}.Debug|x86.ActiveCfg = Debug|x86
		{399B1025-DA67-49E4-8C5C-89F42E98A041}.Debug|x86.Build.0 = Debug|x86
		{399B1025-DA67-49E4-8C5C-89F42E98A041}.Release|Any CPU.ActiveCfg = Release|Any CPU
		{399B1025-DA67-49E4-8C5C-89F42E98A041}.Release|Any CPU.Build.0 = Release|Any CPU
		{399B1025-DA67-49E4-8C5C-89F42E98A041}.Release|x86.ActiveCfg = Release|x86
		{399B1025-DA67-49E4-8C5C-89F42E98A041}.Release|x86.Build.0 = Release|x86
		{399B1025-DA67-49E4-8C5C-89F42E98A041}.Web Debug|Any CPU.ActiveCfg = Debug|Any CPU
		{399B1025-DA67-49E4-8C5C-89F42E98A041}.Web Debug|Any CPU.Build.0 = Debug|Any CPU
		{399B1025-DA67-49E4-8C5C-89F42E98A041}.Web Debug|x86.ActiveCfg = Debug|x86
		{399B1025-DA67-49E4-8C5C-89F42E98A041}.Web Debug|x86.Build.0 = Debug|x86
		{399B1025-DA67-49E4-8C5C-89F42E98A041}.데모1사이트에 복사|Any CPU.ActiveCfg = Debug|Any CPU
		{399B1025-DA67-49E4-8C5C-89F42E98A041}.데모1사이트에 복사|Any CPU.Build.0 = Debug|Any CPU
		{399B1025-DA67-49E4-8C5C-89F42E98A041}.데모1사이트에 복사|x86.ActiveCfg = Debug|Any CPU
		{399B1025-DA67-49E4-8C5C-89F42E98A041}.로컬 전체 컴파일|Any CPU.ActiveCfg = Debug|Any CPU
		{399B1025-DA67-49E4-8C5C-89F42E98A041}.로컬 전체 컴파일|Any CPU.Build.0 = Debug|Any CPU
		{399B1025-DA67-49E4-8C5C-89F42E98A041}.로컬 전체 컴파일|x86.ActiveCfg = Debug|Any CPU
		{399B1025-DA67-49E4-8C5C-89F42E98A041}.웹서버용 전체 컴파일|Any CPU.ActiveCfg = Debug|Any CPU
		{399B1025-DA67-49E4-8C5C-89F42E98A041}.웹서버용 전체 컴파일|Any CPU.Build.0 = Debug|Any CPU
		{399B1025-DA67-49E4-8C5C-89F42E98A041}.웹서버용 전체 컴파일|x86.ActiveCfg = Debug|Any CPU
		{399B1025-DA67-49E4-8C5C-89F42E98A041}.패치용|Any CPU.ActiveCfg = Debug|Any CPU
		{399B1025-DA67-49E4-8C5C-89F42E98A041}.패치용|Any CPU.Build.0 = Debug|Any CPU
		{399B1025-DA67-49E4-8C5C-89F42E98A041}.패치용|x86.ActiveCfg = Debug|Any CPU
		{BB25326A-678A-4196-A782-F5A524D6430B}.Debug Remote|Any CPU.ActiveCfg = Debug|Any CPU
		{BB25326A-678A-4196-A782-F5A524D6430B}.Debug Remote|Any CPU.Build.0 = Debug|Any CPU
		{BB25326A-678A-4196-A782-F5A524D6430B}.Debug Remote|x86.ActiveCfg = Debug|Any CPU
		{BB25326A-678A-4196-A782-F5A524D6430B}.Debug|Any CPU.ActiveCfg = Debug|Any CPU
		{BB25326A-678A-4196-A782-F5A524D6430B}.Debug|Any CPU.Build.0 = Debug|Any CPU
		{BB25326A-678A-4196-A782-F5A524D6430B}.Debug|x86.ActiveCfg = Debug|x86
		{BB25326A-678A-4196-A782-F5A524D6430B}.Debug|x86.Build.0 = Debug|x86
		{BB25326A-678A-4196-A782-F5A524D6430B}.Release|Any CPU.ActiveCfg = Release|Any CPU
		{BB25326A-678A-4196-A782-F5A524D6430B}.Release|Any CPU.Build.0 = Release|Any CPU
		{BB25326A-678A-4196-A782-F5A524D6430B}.Release|x86.ActiveCfg = Release|x86
		{BB25326A-678A-4196-A782-F5A524D6430B}.Release|x86.Build.0 = Release|x86
		{BB25326A-678A-4196-A782-F5A524D6430B}.Web Debug|Any CPU.ActiveCfg = Debug|Any CPU
		{BB25326A-678A-4196-A782-F5A524D6430B}.Web Debug|Any CPU.Build.0 = Debug|Any CPU
		{BB25326A-678A-4196-A782-F5A524D6430B}.Web Debug|x86.ActiveCfg = Debug|x86
		{BB25326A-678A-4196-A782-F5A524D6430B}.Web Debug|x86.Build.0 = Debug|x86
		{BB25326A-678A-4196-A782-F5A524D6430B}.데모1사이트에 복사|Any CPU.ActiveCfg = Debug|Any CPU
		{BB25326A-678A-4196-A782-F5A524D6430B}.데모1사이트에 복사|Any CPU.Build.0 = Debug|Any CPU
		{BB25326A-678A-4196-A782-F5A524D6430B}.데모1사이트에 복사|x86.ActiveCfg = Debug|Any CPU
		{BB25326A-678A-4196-A782-F5A524D6430B}.로컬 전체 컴파일|Any CPU.ActiveCfg = Debug|Any CPU
		{BB25326A-678A-4196-A782-F5A524D6430B}.로컬 전체 컴파일|Any CPU.Build.0 = Debug|Any CPU
		{BB25326A-678A-4196-A782-F5A524D6430B}.로컬 전체 컴파일|x86.ActiveCfg = Debug|Any CPU
		{BB25326A-678A-4196-A782-F5A524D6430B}.웹서버용 전체 컴파일|Any CPU.ActiveCfg = Debug|Any CPU
		{BB25326A-678A-4196-A782-F5A524D6430B}.웹서버용 전체 컴파일|Any CPU.Build.0 = Debug|Any CPU
		{BB25326A-678A-4196-A782-F5A524D6430B}.웹서버용 전체 컴파일|x86.ActiveCfg = Debug|Any CPU
		{BB25326A-678A-4196-A782-F5A524D6430B}.패치용|Any CPU.ActiveCfg = Debug|Any CPU
		{BB25326A-678A-4196-A782-F5A524D6430B}.패치용|Any CPU.Build.0 = Debug|Any CPU
		{BB25326A-678A-4196-A782-F5A524D6430B}.패치용|x86.ActiveCfg = Debug|Any CPU
		{E8C172BB-E843-4289-9A85-88C93E2CCA88}.Debug Remote|Any CPU.ActiveCfg = Debug|Any CPU
		{E8C172BB-E843-4289-9A85-88C93E2CCA88}.Debug Remote|Any CPU.Build.0 = Debug|Any CPU
		{E8C172BB-E843-4289-9A85-88C93E2CCA88}.Debug Remote|x86.ActiveCfg = Debug|Any CPU
		{E8C172BB-E843-4289-9A85-88C93E2CCA88}.Debug|Any CPU.ActiveCfg = Debug|Any CPU
		{E8C172BB-E843-4289-9A85-88C93E2CCA88}.Debug|Any CPU.Build.0 = Debug|Any CPU
		{E8C172BB-E843-4289-9A85-88C93E2CCA88}.Debug|x86.ActiveCfg = Debug|x86
		{E8C172BB-E843-4289-9A85-88C93E2CCA88}.Debug|x86.Build.0 = Debug|x86
		{E8C172BB-E843-4289-9A85-88C93E2CCA88}.Release|Any CPU.ActiveCfg = Release|Any CPU
		{E8C172BB-E843-4289-9A85-88C93E2CCA88}.Release|Any CPU.Build.0 = Release|Any CPU
		{E8C172BB-E843-4289-9A85-88C93E2CCA88}.Release|x86.ActiveCfg = Release|x86
		{E8C172BB-E843-4289-9A85-88C93E2CCA88}.Release|x86.Build.0 = Release|x86
		{E8C172BB-E843-4289-9A85-88C93E2CCA88}.Web Debug|Any CPU.ActiveCfg = Debug|Any CPU
		{E8C172BB-E843-4289-9A85-88C93E2CCA88}.Web Debug|Any CPU.Build.0 = Debug|Any CPU
		{E8C172BB-E843-4289-9A85-88C93E2CCA88}.Web Debug|x86.ActiveCfg = Debug|x86
		{E8C172BB-E843-4289-9A85-88C93E2CCA88}.Web Debug|x86.Build.0 = Debug|x86
		{E8C172BB-E843-4289-9A85-88C93E2CCA88}.데모1사이트에 복사|Any CPU.ActiveCfg = Debug|Any CPU
		{E8C172BB-E843-4289-9A85-88C93E2CCA88}.데모1사이트에 복사|Any CPU.Build.0 = Debug|Any CPU
		{E8C172BB-E843-4289-9A85-88C93E2CCA88}.데모1사이트에 복사|x86.ActiveCfg = Debug|Any CPU
		{E8C172BB-E843-4289-9A85-88C93E2CCA88}.로컬 전체 컴파일|Any CPU.ActiveCfg = Debug|Any CPU
		{E8C172BB-E843-4289-9A85-88C93E2CCA88}.로컬 전체 컴파일|Any CPU.Build.0 = Debug|Any CPU
		{E8C172BB-E843-4289-9A85-88C93E2CCA88}.로컬 전체 컴파일|x86.ActiveCfg = Debug|Any CPU
		{E8C172BB-E843-4289-9A85-88C93E2CCA88}.웹서버용 전체 컴파일|Any CPU.ActiveCfg = Debug|Any CPU
		{E8C172BB-E843-4289-9A85-88C93E2CCA88}.웹서버용 전체 컴파일|Any CPU.Build.0 = Debug|Any CPU
		{E8C172BB-E843-4289-9A85-88C93E2CCA88}.웹서버용 전체 컴파일|x86.ActiveCfg = Debug|Any CPU
		{E8C172BB-E843-4289-9A85-88C93E2CCA88}.패치용|Any CPU.ActiveCfg = Debug|Any CPU
		{E8C172BB-E843-4289-9A85-88C93E2CCA88}.패치용|Any CPU.Build.0 = Debug|Any CPU
		{E8C172BB-E843-4289-9A85-88C93E2CCA88}.패치용|x86.ActiveCfg = Debug|Any CPU
		{A8033B52-7741-4CD9-ACF5-1CD6B2AD1C27}.Debug Remote|Any CPU.ActiveCfg = Debug|Any CPU
		{A8033B52-7741-4CD9-ACF5-1CD6B2AD1C27}.Debug Remote|Any CPU.Build.0 = Debug|Any CPU
		{A8033B52-7741-4CD9-ACF5-1CD6B2AD1C27}.Debug Remote|x86.ActiveCfg = Debug|x86
		{A8033B52-7741-4CD9-ACF5-1CD6B2AD1C27}.Debug Remote|x86.Build.0 = Debug|x86
		{A8033B52-7741-4CD9-ACF5-1CD6B2AD1C27}.Debug|Any CPU.ActiveCfg = Debug|Any CPU
		{A8033B52-7741-4CD9-ACF5-1CD6B2AD1C27}.Debug|Any CPU.Build.0 = Debug|Any CPU
		{A8033B52-7741-4CD9-ACF5-1CD6B2AD1C27}.Debug|x86.ActiveCfg = Debug|x86
		{A8033B52-7741-4CD9-ACF5-1CD6B2AD1C27}.Debug|x86.Build.0 = Debug|x86
		{A8033B52-7741-4CD9-ACF5-1CD6B2AD1C27}.Release|Any CPU.ActiveCfg = Release|Any CPU
		{A8033B52-7741-4CD9-ACF5-1CD6B2AD1C27}.Release|Any CPU.Build.0 = Release|Any CPU
		{A8033B52-7741-4CD9-ACF5-1CD6B2AD1C27}.Release|x86.ActiveCfg = Release|Any CPU
		{A8033B52-7741-4CD9-ACF5-1CD6B2AD1C27}.Web Debug|Any CPU.ActiveCfg = Debug|Any CPU
		{A8033B52-7741-4CD9-ACF5-1CD6B2AD1C27}.Web Debug|Any CPU.Build.0 = Debug|Any CPU
		{A8033B52-7741-4CD9-ACF5-1CD6B2AD1C27}.Web Debug|x86.ActiveCfg = Debug|Any CPU
		{A8033B52-7741-4CD9-ACF5-1CD6B2AD1C27}.데모1사이트에 복사|Any CPU.ActiveCfg = Release|Any CPU
		{A8033B52-7741-4CD9-ACF5-1CD6B2AD1C27}.데모1사이트에 복사|Any CPU.Build.0 = Release|Any CPU
		{A8033B52-7741-4CD9-ACF5-1CD6B2AD1C27}.데모1사이트에 복사|x86.ActiveCfg = Release|Any CPU
		{A8033B52-7741-4CD9-ACF5-1CD6B2AD1C27}.로컬 전체 컴파일|Any CPU.ActiveCfg = Release|Any CPU
		{A8033B52-7741-4CD9-ACF5-1CD6B2AD1C27}.로컬 전체 컴파일|Any CPU.Build.0 = Release|Any CPU
		{A8033B52-7741-4CD9-ACF5-1CD6B2AD1C27}.로컬 전체 컴파일|x86.ActiveCfg = Release|Any CPU
		{A8033B52-7741-4CD9-ACF5-1CD6B2AD1C27}.웹서버용 전체 컴파일|Any CPU.ActiveCfg = Release|Any CPU
		{A8033B52-7741-4CD9-ACF5-1CD6B2AD1C27}.웹서버용 전체 컴파일|Any CPU.Build.0 = Release|Any CPU
		{A8033B52-7741-4CD9-ACF5-1CD6B2AD1C27}.웹서버용 전체 컴파일|x86.ActiveCfg = Release|Any CPU
		{A8033B52-7741-4CD9-ACF5-1CD6B2AD1C27}.패치용|Any CPU.ActiveCfg = Release|Any CPU
		{A8033B52-7741-4CD9-ACF5-1CD6B2AD1C27}.패치용|Any CPU.Build.0 = Release|Any CPU
		{A8033B52-7741-4CD9-ACF5-1CD6B2AD1C27}.패치용|x86.ActiveCfg = Release|Any CPU
		{F71A946A-254F-4DFB-843D-ADB75994CE37}.Debug Remote|Any CPU.ActiveCfg = Debug|Any CPU
		{F71A946A-254F-4DFB-843D-ADB75994CE37}.Debug Remote|Any CPU.Build.0 = Debug|Any CPU
		{F71A946A-254F-4DFB-843D-ADB75994CE37}.Debug Remote|x86.ActiveCfg = Debug|x86
		{F71A946A-254F-4DFB-843D-ADB75994CE37}.Debug Remote|x86.Build.0 = Debug|x86
		{F71A946A-254F-4DFB-843D-ADB75994CE37}.Debug|Any CPU.ActiveCfg = Debug|Any CPU
		{F71A946A-254F-4DFB-843D-ADB75994CE37}.Debug|Any CPU.Build.0 = Debug|Any CPU
		{F71A946A-254F-4DFB-843D-ADB75994CE37}.Debug|x86.ActiveCfg = Debug|x86
		{F71A946A-254F-4DFB-843D-ADB75994CE37}.Debug|x86.Build.0 = Debug|x86
		{F71A946A-254F-4DFB-843D-ADB75994CE37}.Release|Any CPU.ActiveCfg = Release|Any CPU
		{F71A946A-254F-4DFB-843D-ADB75994CE37}.Release|Any CPU.Build.0 = Release|Any CPU
		{F71A946A-254F-4DFB-843D-ADB75994CE37}.Release|x86.ActiveCfg = Release|Any CPU
		{F71A946A-254F-4DFB-843D-ADB75994CE37}.Web Debug|Any CPU.ActiveCfg = Debug|Any CPU
		{F71A946A-254F-4DFB-843D-ADB75994CE37}.Web Debug|Any CPU.Build.0 = Debug|Any CPU
		{F71A946A-254F-4DFB-843D-ADB75994CE37}.Web Debug|x86.ActiveCfg = Debug|Any CPU
		{F71A946A-254F-4DFB-843D-ADB75994CE37}.데모1사이트에 복사|Any CPU.ActiveCfg = Release|Any CPU
		{F71A946A-254F-4DFB-843D-ADB75994CE37}.데모1사이트에 복사|Any CPU.Build.0 = Release|Any CPU
		{F71A946A-254F-4DFB-843D-ADB75994CE37}.데모1사이트에 복사|x86.ActiveCfg = Release|Any CPU
		{F71A946A-254F-4DFB-843D-ADB75994CE37}.로컬 전체 컴파일|Any CPU.ActiveCfg = Release|Any CPU
		{F71A946A-254F-4DFB-843D-ADB75994CE37}.로컬 전체 컴파일|Any CPU.Build.0 = Release|Any CPU
		{F71A946A-254F-4DFB-843D-ADB75994CE37}.로컬 전체 컴파일|x86.ActiveCfg = Release|Any CPU
		{F71A946A-254F-4DFB-843D-ADB75994CE37}.웹서버용 전체 컴파일|Any CPU.ActiveCfg = Release|Any CPU
		{F71A946A-254F-4DFB-843D-ADB75994CE37}.웹서버용 전체 컴파일|Any CPU.Build.0 = Release|Any CPU
		{F71A946A-254F-4DFB-843D-ADB75994CE37}.웹서버용 전체 컴파일|x86.ActiveCfg = Release|Any CPU
		{F71A946A-254F-4DFB-843D-ADB75994CE37}.패치용|Any CPU.ActiveCfg = Release|Any CPU
		{F71A946A-254F-4DFB-843D-ADB75994CE37}.패치용|Any CPU.Build.0 = Release|Any CPU
		{F71A946A-254F-4DFB-843D-ADB75994CE37}.패치용|x86.ActiveCfg = Release|Any CPU
		{79D61CF6-1621-4B91-8024-32B6CD87337C}.Debug Remote|Any CPU.ActiveCfg = Debug|Any CPU
		{79D61CF6-1621-4B91-8024-32B6CD87337C}.Debug Remote|Any CPU.Build.0 = Debug|Any CPU
		{79D61CF6-1621-4B91-8024-32B6CD87337C}.Debug Remote|x86.ActiveCfg = Debug|x86
		{79D61CF6-1621-4B91-8024-32B6CD87337C}.Debug Remote|x86.Build.0 = Debug|x86
		{79D61CF6-1621-4B91-8024-32B6CD87337C}.Debug|Any CPU.ActiveCfg = Debug|Any CPU
		{79D61CF6-1621-4B91-8024-32B6CD87337C}.Debug|Any CPU.Build.0 = Debug|Any CPU
		{79D61CF6-1621-4B91-8024-32B6CD87337C}.Debug|x86.ActiveCfg = Debug|x86
		{79D61CF6-1621-4B91-8024-32B6CD87337C}.Debug|x86.Build.0 = Debug|x86
		{79D61CF6-1621-4B91-8024-32B6CD87337C}.Release|Any CPU.ActiveCfg = Release|Any CPU
		{79D61CF6-1621-4B91-8024-32B6CD87337C}.Release|Any CPU.Build.0 = Release|Any CPU
		{79D61CF6-1621-4B91-8024-32B6CD87337C}.Release|x86.ActiveCfg = Release|x86
		{79D61CF6-1621-4B91-8024-32B6CD87337C}.Release|x86.Build.0 = Release|x86
		{79D61CF6-1621-4B91-8024-32B6CD87337C}.Web Debug|Any CPU.ActiveCfg = Debug|Any CPU
		{79D61CF6-1621-4B91-8024-32B6CD87337C}.Web Debug|Any CPU.Build.0 = Debug|Any CPU
		{79D61CF6-1621-4B91-8024-32B6CD87337C}.Web Debug|x86.ActiveCfg = Debug|x86
		{79D61CF6-1621-4B91-8024-32B6CD87337C}.Web Debug|x86.Build.0 = Debug|x86
		{79D61CF6-1621-4B91-8024-32B6CD87337C}.데모1사이트에 복사|Any CPU.ActiveCfg = Release|x86
		{79D61CF6-1621-4B91-8024-32B6CD87337C}.데모1사이트에 복사|x86.ActiveCfg = Release|x86
		{79D61CF6-1621-4B91-8024-32B6CD87337C}.데모1사이트에 복사|x86.Build.0 = Release|x86
		{79D61CF6-1621-4B91-8024-32B6CD87337C}.로컬 전체 컴파일|Any CPU.ActiveCfg = Release|x86
		{79D61CF6-1621-4B91-8024-32B6CD87337C}.로컬 전체 컴파일|x86.ActiveCfg = Release|x86
		{79D61CF6-1621-4B91-8024-32B6CD87337C}.로컬 전체 컴파일|x86.Build.0 = Release|x86
		{79D61CF6-1621-4B91-8024-32B6CD87337C}.웹서버용 전체 컴파일|Any CPU.ActiveCfg = Release|x86
		{79D61CF6-1621-4B91-8024-32B6CD87337C}.웹서버용 전체 컴파일|x86.ActiveCfg = Release|x86
		{79D61CF6-1621-4B91-8024-32B6CD87337C}.웹서버용 전체 컴파일|x86.Build.0 = Release|x86
		{79D61CF6-1621-4B91-8024-32B6CD87337C}.패치용|Any CPU.ActiveCfg = Release|x86
		{79D61CF6-1621-4B91-8024-32B6CD87337C}.패치용|x86.ActiveCfg = Release|x86
		{79D61CF6-1621-4B91-8024-32B6CD87337C}.패치용|x86.Build.0 = Release|x86
		{81868C94-AF9B-40A7-BAA8-038CB48600DC}.Debug Remote|Any CPU.ActiveCfg = Debug|Any CPU
		{81868C94-AF9B-40A7-BAA8-038CB48600DC}.Debug Remote|Any CPU.Build.0 = Debug|Any CPU
		{81868C94-AF9B-40A7-BAA8-038CB48600DC}.Debug Remote|x86.ActiveCfg = Debug|x86
		{81868C94-AF9B-40A7-BAA8-038CB48600DC}.Debug Remote|x86.Build.0 = Debug|x86
		{81868C94-AF9B-40A7-BAA8-038CB48600DC}.Debug|Any CPU.ActiveCfg = Debug|Any CPU
		{81868C94-AF9B-40A7-BAA8-038CB48600DC}.Debug|Any CPU.Build.0 = Debug|Any CPU
		{81868C94-AF9B-40A7-BAA8-038CB48600DC}.Debug|x86.ActiveCfg = Debug|x86
		{81868C94-AF9B-40A7-BAA8-038CB48600DC}.Debug|x86.Build.0 = Debug|x86
		{81868C94-AF9B-40A7-BAA8-038CB48600DC}.Release|Any CPU.ActiveCfg = Release|Any CPU
		{81868C94-AF9B-40A7-BAA8-038CB48600DC}.Release|Any CPU.Build.0 = Release|Any CPU
		{81868C94-AF9B-40A7-BAA8-038CB48600DC}.Release|x86.ActiveCfg = Release|x86
		{81868C94-AF9B-40A7-BAA8-038CB48600DC}.Release|x86.Build.0 = Release|x86
		{81868C94-AF9B-40A7-BAA8-038CB48600DC}.Web Debug|Any CPU.ActiveCfg = Debug|Any CPU
		{81868C94-AF9B-40A7-BAA8-038CB48600DC}.Web Debug|Any CPU.Build.0 = Debug|Any CPU
		{81868C94-AF9B-40A7-BAA8-038CB48600DC}.Web Debug|x86.ActiveCfg = Debug|x86
		{81868C94-AF9B-40A7-BAA8-038CB48600DC}.Web Debug|x86.Build.0 = Debug|x86
		{81868C94-AF9B-40A7-BAA8-038CB48600DC}.데모1사이트에 복사|Any CPU.ActiveCfg = Release|x86
		{81868C94-AF9B-40A7-BAA8-038CB48600DC}.데모1사이트에 복사|x86.ActiveCfg = Release|x86
		{81868C94-AF9B-40A7-BAA8-038CB48600DC}.데모1사이트에 복사|x86.Build.0 = Release|x86
		{81868C94-AF9B-40A7-BAA8-038CB48600DC}.로컬 전체 컴파일|Any CPU.ActiveCfg = Release|x86
		{81868C94-AF9B-40A7-BAA8-038CB48600DC}.로컬 전체 컴파일|x86.ActiveCfg = Release|x86
		{81868C94-AF9B-40A7-BAA8-038CB48600DC}.로컬 전체 컴파일|x86.Build.0 = Release|x86
		{81868C94-AF9B-40A7-BAA8-038CB48600DC}.웹서버용 전체 컴파일|Any CPU.ActiveCfg = Release|x86
		{81868C94-AF9B-40A7-BAA8-038CB48600DC}.웹서버용 전체 컴파일|x86.ActiveCfg = Release|x86
		{81868C94-AF9B-40A7-BAA8-038CB48600DC}.웹서버용 전체 컴파일|x86.Build.0 = Release|x86
		{81868C94-AF9B-40A7-BAA8-038CB48600DC}.패치용|Any CPU.ActiveCfg = Release|x86
		{81868C94-AF9B-40A7-BAA8-038CB48600DC}.패치용|x86.ActiveCfg = Release|x86
		{81868C94-AF9B-40A7-BAA8-038CB48600DC}.패치용|x86.Build.0 = Release|x86
		{566DD456-58EA-47D9-91FB-43C7D7EF80BA}.Debug Remote|Any CPU.ActiveCfg = Debug|Any CPU
		{566DD456-58EA-47D9-91FB-43C7D7EF80BA}.Debug Remote|Any CPU.Build.0 = Debug|Any CPU
		{566DD456-58EA-47D9-91FB-43C7D7EF80BA}.Debug Remote|x86.ActiveCfg = Debug|x86
		{566DD456-58EA-47D9-91FB-43C7D7EF80BA}.Debug Remote|x86.Build.0 = Debug|x86
		{566DD456-58EA-47D9-91FB-43C7D7EF80BA}.Debug|Any CPU.ActiveCfg = Debug|Any CPU
		{566DD456-58EA-47D9-91FB-43C7D7EF80BA}.Debug|Any CPU.Build.0 = Debug|Any CPU
		{566DD456-58EA-47D9-91FB-43C7D7EF80BA}.Debug|x86.ActiveCfg = Debug|x86
		{566DD456-58EA-47D9-91FB-43C7D7EF80BA}.Debug|x86.Build.0 = Debug|x86
		{566DD456-58EA-47D9-91FB-43C7D7EF80BA}.Release|Any CPU.ActiveCfg = Release|Any CPU
		{566DD456-58EA-47D9-91FB-43C7D7EF80BA}.Release|Any CPU.Build.0 = Release|Any CPU
		{566DD456-58EA-47D9-91FB-43C7D7EF80BA}.Release|x86.ActiveCfg = Release|x86
		{566DD456-58EA-47D9-91FB-43C7D7EF80BA}.Release|x86.Build.0 = Release|x86
		{566DD456-58EA-47D9-91FB-43C7D7EF80BA}.Web Debug|Any CPU.ActiveCfg = Debug|Any CPU
		{566DD456-58EA-47D9-91FB-43C7D7EF80BA}.Web Debug|Any CPU.Build.0 = Debug|Any CPU
		{566DD456-58EA-47D9-91FB-43C7D7EF80BA}.Web Debug|x86.ActiveCfg = Debug|x86
		{566DD456-58EA-47D9-91FB-43C7D7EF80BA}.Web Debug|x86.Build.0 = Debug|x86
		{566DD456-58EA-47D9-91FB-43C7D7EF80BA}.데모1사이트에 복사|Any CPU.ActiveCfg = Release|x86
		{566DD456-58EA-47D9-91FB-43C7D7EF80BA}.데모1사이트에 복사|x86.ActiveCfg = Release|x86
		{566DD456-58EA-47D9-91FB-43C7D7EF80BA}.데모1사이트에 복사|x86.Build.0 = Release|x86
		{566DD456-58EA-47D9-91FB-43C7D7EF80BA}.로컬 전체 컴파일|Any CPU.ActiveCfg = Release|x86
		{566DD456-58EA-47D9-91FB-43C7D7EF80BA}.로컬 전체 컴파일|x86.ActiveCfg = Release|x86
		{566DD456-58EA-47D9-91FB-43C7D7EF80BA}.로컬 전체 컴파일|x86.Build.0 = Release|x86
		{566DD456-58EA-47D9-91FB-43C7D7EF80BA}.웹서버용 전체 컴파일|Any CPU.ActiveCfg = Release|x86
		{566DD456-58EA-47D9-91FB-43C7D7EF80BA}.웹서버용 전체 컴파일|x86.ActiveCfg = Release|x86
		{566DD456-58EA-47D9-91FB-43C7D7EF80BA}.웹서버용 전체 컴파일|x86.Build.0 = Release|x86
		{566DD456-58EA-47D9-91FB-43C7D7EF80BA}.패치용|Any CPU.ActiveCfg = Release|x86
		{566DD456-58EA-47D9-91FB-43C7D7EF80BA}.패치용|x86.ActiveCfg = Release|x86
		{566DD456-58EA-47D9-91FB-43C7D7EF80BA}.패치용|x86.Build.0 = Release|x86
		{85D8ECB9-6308-4A33-9938-910776402BDD}.Debug Remote|Any CPU.ActiveCfg = Debug|x86
		{85D8ECB9-6308-4A33-9938-910776402BDD}.Debug Remote|x86.ActiveCfg = Debug|x86
		{85D8ECB9-6308-4A33-9938-910776402BDD}.Debug Remote|x86.Build.0 = Debug|x86
		{85D8ECB9-6308-4A33-9938-910776402BDD}.Debug|Any CPU.ActiveCfg = Debug|Any CPU
		{85D8ECB9-6308-4A33-9938-910776402BDD}.Debug|Any CPU.Build.0 = Debug|Any CPU
		{85D8ECB9-6308-4A33-9938-910776402BDD}.Debug|x86.ActiveCfg = Debug|x86
		{85D8ECB9-6308-4A33-9938-910776402BDD}.Debug|x86.Build.0 = Debug|x86
		{85D8ECB9-6308-4A33-9938-910776402BDD}.Release|Any CPU.ActiveCfg = Release|Any CPU
		{85D8ECB9-6308-4A33-9938-910776402BDD}.Release|Any CPU.Build.0 = Release|Any CPU
		{85D8ECB9-6308-4A33-9938-910776402BDD}.Release|x86.ActiveCfg = Release|x86
		{85D8ECB9-6308-4A33-9938-910776402BDD}.Release|x86.Build.0 = Release|x86
		{85D8ECB9-6308-4A33-9938-910776402BDD}.Web Debug|Any CPU.ActiveCfg = Debug|Any CPU
		{85D8ECB9-6308-4A33-9938-910776402BDD}.Web Debug|Any CPU.Build.0 = Debug|Any CPU
		{85D8ECB9-6308-4A33-9938-910776402BDD}.Web Debug|x86.ActiveCfg = Debug|x86
		{85D8ECB9-6308-4A33-9938-910776402BDD}.Web Debug|x86.Build.0 = Debug|x86
		{85D8ECB9-6308-4A33-9938-910776402BDD}.데모1사이트에 복사|Any CPU.ActiveCfg = Release|x86
		{85D8ECB9-6308-4A33-9938-910776402BDD}.데모1사이트에 복사|x86.ActiveCfg = Release|x86
		{85D8ECB9-6308-4A33-9938-910776402BDD}.데모1사이트에 복사|x86.Build.0 = Release|x86
		{85D8ECB9-6308-4A33-9938-910776402BDD}.로컬 전체 컴파일|Any CPU.ActiveCfg = Release|x86
		{85D8ECB9-6308-4A33-9938-910776402BDD}.로컬 전체 컴파일|x86.ActiveCfg = Release|x86
		{85D8ECB9-6308-4A33-9938-910776402BDD}.로컬 전체 컴파일|x86.Build.0 = Release|x86
		{85D8ECB9-6308-4A33-9938-910776402BDD}.웹서버용 전체 컴파일|Any CPU.ActiveCfg = Release|x86
		{85D8ECB9-6308-4A33-9938-910776402BDD}.웹서버용 전체 컴파일|x86.ActiveCfg = Release|x86
		{85D8ECB9-6308-4A33-9938-910776402BDD}.웹서버용 전체 컴파일|x86.Build.0 = Release|x86
		{85D8ECB9-6308-4A33-9938-910776402BDD}.패치용|Any CPU.ActiveCfg = Release|x86
		{85D8ECB9-6308-4A33-9938-910776402BDD}.패치용|x86.ActiveCfg = Release|x86
		{85D8ECB9-6308-4A33-9938-910776402BDD}.패치용|x86.Build.0 = Release|x86
	EndGlobalSection
	GlobalSection(SolutionProperties) = preSolution
		HideSolutionNode = FALSE
	EndGlobalSection
EndGlobal
