
Microsoft Visual Studio Solution File, Format Version 12.00
# Visual Studio Version 17
VisualStudioVersion = 17.13.35919.96 d17.13
MinimumVisualStudioVersion = 10.0.40219.1
Project("{8BC9CEB8-8B4A-11D0-8D11-00A0C91BC942}") = "LibAutobase48", "LibAutobase48.vcxproj", "{7AB9CE7F-F350-4B36-88C5-5FB58F7C6F35}"
EndProject
Global
	GlobalSection(SolutionConfigurationPlatforms) = preSolution
		Debug|x64 = Debug|x64
		Debug|x86 = Debug|x86
		Release|x64 = Release|x64
		Release|x86 = Release|x86
	EndGlobalSection
	GlobalSection(ProjectConfigurationPlatforms) = postSolution
		{7AB9CE7F-F350-4B36-88C5-5FB58F7C6F35}.Debug|x64.ActiveCfg = Debug|x64
		{7AB9CE7F-F350-4B36-88C5-5FB58F7C6F35}.Debug|x64.Build.0 = Debug|x64
		{7AB9CE7F-F350-4B36-88C5-5FB58F7C6F35}.Debug|x86.ActiveCfg = Debug|Win32
		{7AB9CE7F-F350-4B36-88C5-5FB58F7C6F35}.Debug|x86.Build.0 = Debug|Win32
		{7AB9CE7F-F350-4B36-88C5-5FB58F7C6F35}.Release|x64.ActiveCfg = Release|x64
		{7AB9CE7F-F350-4B36-88C5-5FB58F7C6F35}.Release|x64.Build.0 = Release|x64
		{7AB9CE7F-F350-4B36-88C5-5FB58F7C6F35}.Release|x86.ActiveCfg = Release|Win32
		{7AB9CE7F-F350-4B36-88C5-5FB58F7C6F35}.Release|x86.Build.0 = Release|Win32
	EndGlobalSection
	GlobalSection(SolutionProperties) = preSolution
		HideSolutionNode = FALSE
	EndGlobalSection
	GlobalSection(ExtensibilityGlobals) = postSolution
		SolutionGuid = {7DA35300-52C3-4978-BEE3-348CB35874FF}
	EndGlobalSection
EndGlobal
