
Microsoft Visual Studio Solution File, Format Version 12.00
# Visual Studio Version 17
VisualStudioVersion = 17.13.35919.96 d17.13
MinimumVisualStudioVersion = 10.0.40219.1
Project("{8BC9CEB8-8B4A-11D0-8D11-00A0C91BC942}") = "PLC_SCAN", "PLC_SCAN.vcxproj", "{03EF9B4F-B6D4-4610-B4AF-E229E4B4A4E2}"
EndProject
Global
	GlobalSection(SolutionConfigurationPlatforms) = preSolution
		Debug|Win32 = Debug|Win32
		Debug|x86 = Debug|x86
		Release|Win32 = Release|Win32
		Release|x86 = Release|x86
		Remote|Win32 = Remote|Win32
		Remote|x86 = Remote|x86
		영문|Win32 = 영문|Win32
		영문|x86 = 영문|x86
	EndGlobalSection
	GlobalSection(ProjectConfigurationPlatforms) = postSolution
		{03EF9B4F-B6D4-4610-B4AF-E229E4B4A4E2}.Debug|Win32.ActiveCfg = Debug|Win32
		{03EF9B4F-B6D4-4610-B4AF-E229E4B4A4E2}.Debug|Win32.Build.0 = Debug|Win32
		{03EF9B4F-B6D4-4610-B4AF-E229E4B4A4E2}.Debug|x86.ActiveCfg = Debug|Win32
		{03EF9B4F-B6D4-4610-B4AF-E229E4B4A4E2}.Debug|x86.Build.0 = Debug|Win32
		{03EF9B4F-B6D4-4610-B4AF-E229E4B4A4E2}.Release|Win32.ActiveCfg = Release|Win32
		{03EF9B4F-B6D4-4610-B4AF-E229E4B4A4E2}.Release|Win32.Build.0 = Release|Win32
		{03EF9B4F-B6D4-4610-B4AF-E229E4B4A4E2}.Release|x86.ActiveCfg = Release|Win32
		{03EF9B4F-B6D4-4610-B4AF-E229E4B4A4E2}.Release|x86.Build.0 = Release|Win32
		{03EF9B4F-B6D4-4610-B4AF-E229E4B4A4E2}.Remote|Win32.ActiveCfg = Remote|Win32
		{03EF9B4F-B6D4-4610-B4AF-E229E4B4A4E2}.Remote|Win32.Build.0 = Remote|Win32
		{03EF9B4F-B6D4-4610-B4AF-E229E4B4A4E2}.Remote|x86.ActiveCfg = Remote|Win32
		{03EF9B4F-B6D4-4610-B4AF-E229E4B4A4E2}.Remote|x86.Build.0 = Remote|Win32
		{03EF9B4F-B6D4-4610-B4AF-E229E4B4A4E2}.영문|Win32.ActiveCfg = 영문|Win32
		{03EF9B4F-B6D4-4610-B4AF-E229E4B4A4E2}.영문|Win32.Build.0 = 영문|Win32
		{03EF9B4F-B6D4-4610-B4AF-E229E4B4A4E2}.영문|x86.ActiveCfg = 영문|Win32
		{03EF9B4F-B6D4-4610-B4AF-E229E4B4A4E2}.영문|x86.Build.0 = 영문|Win32
	EndGlobalSection
	GlobalSection(SolutionProperties) = preSolution
		HideSolutionNode = FALSE
	EndGlobalSection
	GlobalSection(ExtensibilityGlobals) = postSolution
		SolutionGuid = {1E32B5F5-7763-48F7-8E4E-83077834C6CD}
	EndGlobalSection
EndGlobal
