Microsoft Visual Studio Solution File, Format Version 12.00
# Visual Studio Version 17
VisualStudioVersion = 17.13.35825.156 d17.13
MinimumVisualStudioVersion = 10.0.40219.1
Project("{FAE04EC0-301F-11D3-BF4B-00C04F79EFBC}") = "ExportCDTP", "ExportCDTP.csproj", "{ADE4E9BD-831A-49CF-A222-8CCD9D4CD777}"
EndProject
Global
	GlobalSection(SolutionConfigurationPlatforms) = preSolution
		Debug|Any CPU = Debug|Any CPU
		Release|Any CPU = Release|Any CPU
	EndGlobalSection
	GlobalSection(ProjectConfigurationPlatforms) = postSolution
		{ADE4E9BD-831A-49CF-A222-8CCD9D4CD777}.Debug|Any CPU.ActiveCfg = Debug|Any CPU
		{ADE4E9BD-831A-49CF-A222-8CCD9D4CD777}.Debug|Any CPU.Build.0 = Debug|Any CPU
		{ADE4E9BD-831A-49CF-A222-8CCD9D4CD777}.Release|Any CPU.ActiveCfg = Release|Any CPU
		{ADE4E9BD-831A-49CF-A222-8CCD9D4CD777}.Release|Any CPU.Build.0 = Release|Any CPU
	EndGlobalSection
	GlobalSection(SolutionProperties) = preSolution
		HideSolutionNode = FALSE
	EndGlobalSection
	GlobalSection(ExtensibilityGlobals) = postSolution
		SolutionGuid = {84910AE1-E58D-4BFB-BF44-846D2705FBB8}
	EndGlobalSection
EndGlobal
